// !$*UTF8*$!
{
	archiveVersion = 1;
	classes = {
	};
	objectVersion = 46;
	objects = {

/* Begin PBXBuildFile section */
		8955EC751C311E5D001CAD57 /* main.m in Sources */ = {isa = PBXBuildFile; fileRef = 8955EC741C311E5D001CAD57 /* main.m */; };
		8955EC781C311E5D001CAD57 /* AppDelegate.m in Sources */ = {isa = PBXBuildFile; fileRef = 8955EC771C311E5D001CAD57 /* AppDelegate.m */; };
		8955EC7B1C311E5D001CAD57 /* ViewController.m in Sources */ = {isa = PBXBuildFile; fileRef = 8955EC7A1C311E5D001CAD57 /* ViewController.m */; };
		8955EC7E1C311E5D001CAD57 /* Main.storyboard in Resources */ = {isa = PBXBuildFile; fileRef = 8955EC7C1C311E5D001CAD57 /* Main.storyboard */; };
		8955EC801C311E5D001CAD57 /* Assets.xcassets in Resources */ = {isa = PBXBuildFile; fileRef = 8955EC7F1C311E5D001CAD57 /* Assets.xcassets */; };
		8955EC831C311E5D001CAD57 /* LaunchScreen.storyboard in Resources */ = {isa = PBXBuildFile; fileRef = 8955EC811C311E5D001CAD57 /* LaunchScreen.storyboard */; };
		8955EC8E1C311E5D001CAD57 /* UITableViewCell______Tests.m in Sources */ = {isa = PBXBuildFile; fileRef = 8955EC8D1C311E5D001CAD57 /* UITableViewCell______Tests.m */; };
		8955EC991C311E5D001CAD57 /* UITableViewCell______UITests.m in Sources */ = {isa = PBXBuildFile; fileRef = 8955EC981C311E5D001CAD57 /* UITableViewCell______UITests.m */; };
		8955ECB81C312D12001CAD57 /* UnfoldCell.m in Sources */ = {isa = PBXBuildFile; fileRef = 8955ECB21C312D12001CAD57 /* UnfoldCell.m */; };
		8955ECB91C312D12001CAD57 /* UnfoldFrameModel.m in Sources */ = {isa = PBXBuildFile; fileRef = 8955ECB51C312D12001CAD57 /* UnfoldFrameModel.m */; };
		8955ECBA1C312D12001CAD57 /* UnfoldModel.m in Sources */ = {isa = PBXBuildFile; fileRef = 8955ECB71C312D12001CAD57 /* UnfoldModel.m */; };
/* End PBXBuildFile section */

/* Begin PBXContainerItemProxy section */
		8955EC8A1C311E5D001CAD57 /* PBXContainerItemProxy */ = {
			isa = PBXContainerItemProxy;
			containerPortal = 8955EC681C311E5D001CAD57 /* Project object */;
			proxyType = 1;
			remoteGlobalIDString = 8955EC6F1C311E5D001CAD57;
			remoteInfo = "UITableViewCell的展开与收缩";
		};
		8955EC951C311E5D001CAD57 /* PBXContainerItemProxy */ = {
			isa = PBXContainerItemProxy;
			containerPortal = 8955EC681C311E5D001CAD57 /* Project object */;
			proxyType = 1;
			remoteGlobalIDString = 8955EC6F1C311E5D001CAD57;
			remoteInfo = "UITableViewCell的展开与收缩";
		};
/* End PBXContainerItemProxy section */

/* Begin PBXFileReference section */
		8955EC701C311E5D001CAD57 /* UITableViewCell的展开与收缩.app */ = {isa = PBXFileReference; explicitFileType = wrapper.application; includeInIndex = 0; path = "UITableViewCell的展开与收缩.app"; sourceTree = BUILT_PRODUCTS_DIR; };
		8955EC741C311E5D001CAD57 /* main.m */ = {isa = PBXFileReference; lastKnownFileType = sourcecode.c.objc; path = main.m; sourceTree = "<group>"; };
		8955EC761C311E5D001CAD57 /* AppDelegate.h */ = {isa = PBXFileReference; lastKnownFileType = sourcecode.c.h; path = AppDelegate.h; sourceTree = "<group>"; };
		8955EC771C311E5D001CAD57 /* AppDelegate.m */ = {isa = PBXFileReference; lastKnownFileType = sourcecode.c.objc; path = AppDelegate.m; sourceTree = "<group>"; };
		8955EC791C311E5D001CAD57 /* ViewController.h */ = {isa = PBXFileReference; lastKnownFileType = sourcecode.c.h; path = ViewController.h; sourceTree = "<group>"; };
		8955EC7A1C311E5D001CAD57 /* ViewController.m */ = {isa = PBXFileReference; lastKnownFileType = sourcecode.c.objc; path = ViewController.m; sourceTree = "<group>"; };
		8955EC7D1C311E5D001CAD57 /* Base */ = {isa = PBXFileReference; lastKnownFileType = file.storyboard; name = Base; path = Base.lproj/Main.storyboard; sourceTree = "<group>"; };
		8955EC7F1C311E5D001CAD57 /* Assets.xcassets */ = {isa = PBXFileReference; lastKnownFileType = folder.assetcatalog; path = Assets.xcassets; sourceTree = "<group>"; };
		8955EC821C311E5D001CAD57 /* Base */ = {isa = PBXFileReference; lastKnownFileType = file.storyboard; name = Base; path = Base.lproj/LaunchScreen.storyboard; sourceTree = "<group>"; };
		8955EC841C311E5D001CAD57 /* Info.plist */ = {isa = PBXFileReference; lastKnownFileType = text.plist.xml; path = Info.plist; sourceTree = "<group>"; };
		8955EC891C311E5D001CAD57 /* UITableViewCell的展开与收缩Tests.xctest */ = {isa = PBXFileReference; explicitFileType = wrapper.cfbundle; includeInIndex = 0; path = "UITableViewCell的展开与收缩Tests.xctest"; sourceTree = BUILT_PRODUCTS_DIR; };
		8955EC8D1C311E5D001CAD57 /* UITableViewCell______Tests.m */ = {isa = PBXFileReference; lastKnownFileType = sourcecode.c.objc; path = "UITableViewCell______Tests.m"; sourceTree = "<group>"; };
		8955EC8F1C311E5D001CAD57 /* Info.plist */ = {isa = PBXFileReference; lastKnownFileType = text.plist.xml; path = Info.plist; sourceTree = "<group>"; };
		8955EC941C311E5D001CAD57 /* UITableViewCell的展开与收缩UITests.xctest */ = {isa = PBXFileReference; explicitFileType = wrapper.cfbundle; includeInIndex = 0; path = "UITableViewCell的展开与收缩UITests.xctest"; sourceTree = BUILT_PRODUCTS_DIR; };
		8955EC981C311E5D001CAD57 /* UITableViewCell______UITests.m */ = {isa = PBXFileReference; lastKnownFileType = sourcecode.c.objc; path = "UITableViewCell______UITests.m"; sourceTree = "<group>"; };
		8955EC9A1C311E5D001CAD57 /* Info.plist */ = {isa = PBXFileReference; lastKnownFileType = text.plist.xml; path = Info.plist; sourceTree = "<group>"; };
		8955ECB11C312D12001CAD57 /* UnfoldCell.h */ = {isa = PBXFileReference; fileEncoding = 4; lastKnownFileType = sourcecode.c.h; path = UnfoldCell.h; sourceTree = "<group>"; };
		8955ECB21C312D12001CAD57 /* UnfoldCell.m */ = {isa = PBXFileReference; fileEncoding = 4; lastKnownFileType = sourcecode.c.objc; path = UnfoldCell.m; sourceTree = "<group>"; };
		8955ECB41C312D12001CAD57 /* UnfoldFrameModel.h */ = {isa = PBXFileReference; fileEncoding = 4; lastKnownFileType = sourcecode.c.h; path = UnfoldFrameModel.h; sourceTree = "<group>"; };
		8955ECB51C312D12001CAD57 /* UnfoldFrameModel.m */ = {isa = PBXFileReference; fileEncoding = 4; lastKnownFileType = sourcecode.c.objc; path = UnfoldFrameModel.m; sourceTree = "<group>"; };
		8955ECB61C312D12001CAD57 /* UnfoldModel.h */ = {isa = PBXFileReference; fileEncoding = 4; lastKnownFileType = sourcecode.c.h; path = UnfoldModel.h; sourceTree = "<group>"; };
		8955ECB71C312D12001CAD57 /* UnfoldModel.m */ = {isa = PBXFileReference; fileEncoding = 4; lastKnownFileType = sourcecode.c.objc; path = UnfoldModel.m; sourceTree = "<group>"; };
/* End PBXFileReference section */

/* Begin PBXFrameworksBuildPhase section */
		8955EC6D1C311E5D001CAD57 /* Frameworks */ = {
			isa = PBXFrameworksBuildPhase;
			buildActionMask = 2147483647;
			files = (
			);
			runOnlyForDeploymentPostprocessing = 0;
		};
		8955EC861C311E5D001CAD57 /* Frameworks */ = {
			isa = PBXFrameworksBuildPhase;
			buildActionMask = 2147483647;
			files = (
			);
			runOnlyForDeploymentPostprocessing = 0;
		};
		8955EC911C311E5D001CAD57 /* Frameworks */ = {
			isa = PBXFrameworksBuildPhase;
			buildActionMask = 2147483647;
			files = (
			);
			runOnlyForDeploymentPostprocessing = 0;
		};
/* End PBXFrameworksBuildPhase section */

/* Begin PBXGroup section */
		8955EC671C311E5D001CAD57 = {
			isa = PBXGroup;
			children = (
				8955EC721C311E5D001CAD57 /* UITableViewCell的展开与收缩 */,
				8955EC8C1C311E5D001CAD57 /* UITableViewCell的展开与收缩Tests */,
				8955EC971C311E5D001CAD57 /* UITableViewCell的展开与收缩UITests */,
				8955EC711C311E5D001CAD57 /* Products */,
			);
			sourceTree = "<group>";
		};
		8955EC711C311E5D001CAD57 /* Products */ = {
			isa = PBXGroup;
			children = (
				8955EC701C311E5D001CAD57 /* UITableViewCell的展开与收缩.app */,
				8955EC891C311E5D001CAD57 /* UITableViewCell的展开与收缩Tests.xctest */,
				8955EC941C311E5D001CAD57 /* UITableViewCell的展开与收缩UITests.xctest */,
			);
			name = Products;
			sourceTree = "<group>";
		};
		8955EC721C311E5D001CAD57 /* UITableViewCell的展开与收缩 */ = {
			isa = PBXGroup;
			children = (
				8955EC761C311E5D001CAD57 /* AppDelegate.h */,
				8955EC771C311E5D001CAD57 /* AppDelegate.m */,
				8955EC791C311E5D001CAD57 /* ViewController.h */,
				8955EC7A1C311E5D001CAD57 /* ViewController.m */,
				8955ECAF1C312D12001CAD57 /* Unfold */,
				8955EC731C311E5D001CAD57 /* Supporting Files */,
			);
			path = "UITableViewCell的展开与收缩";
			sourceTree = "<group>";
		};
		8955EC731C311E5D001CAD57 /* Supporting Files */ = {
			isa = PBXGroup;
			children = (
				8955EC7C1C311E5D001CAD57 /* Main.storyboard */,
				8955EC7F1C311E5D001CAD57 /* Assets.xcassets */,
				8955EC811C311E5D001CAD57 /* LaunchScreen.storyboard */,
				8955EC841C311E5D001CAD57 /* Info.plist */,
				8955EC741C311E5D001CAD57 /* main.m */,
			);
			name = "Supporting Files";
			sourceTree = "<group>";
		};
		8955EC8C1C311E5D001CAD57 /* UITableViewCell的展开与收缩Tests */ = {
			isa = PBXGroup;
			children = (
				8955EC8D1C311E5D001CAD57 /* UITableViewCell______Tests.m */,
				8955EC8F1C311E5D001CAD57 /* Info.plist */,
			);
			path = "UITableViewCell的展开与收缩Tests";
			sourceTree = "<group>";
		};
		8955EC971C311E5D001CAD57 /* UITableViewCell的展开与收缩UITests */ = {
			isa = PBXGroup;
			children = (
				8955EC981C311E5D001CAD57 /* UITableViewCell______UITests.m */,
				8955EC9A1C311E5D001CAD57 /* Info.plist */,
			);
			path = "UITableViewCell的展开与收缩UITests";
			sourceTree = "<group>";
		};
		8955ECAF1C312D12001CAD57 /* Unfold */ = {
			isa = PBXGroup;
			children = (
				8955ECB01C312D12001CAD57 /* Cell */,
				8955ECB31C312D12001CAD57 /* Model */,
			);
			path = Unfold;
			sourceTree = "<group>";
		};
		8955ECB01C312D12001CAD57 /* Cell */ = {
			isa = PBXGroup;
			children = (
				8955ECB11C312D12001CAD57 /* UnfoldCell.h */,
				8955ECB21C312D12001CAD57 /* UnfoldCell.m */,
			);
			path = Cell;
			sourceTree = "<group>";
		};
		8955ECB31C312D12001CAD57 /* Model */ = {
			isa = PBXGroup;
			children = (
				8955ECB41C312D12001CAD57 /* UnfoldFrameModel.h */,
				8955ECB51C312D12001CAD57 /* UnfoldFrameModel.m */,
				8955ECB61C312D12001CAD57 /* UnfoldModel.h */,
				8955ECB71C312D12001CAD57 /* UnfoldModel.m */,
			);
			path = Model;
			sourceTree = "<group>";
		};
/* End PBXGroup section */

/* Begin PBXNativeTarget section */
		8955EC6F1C311E5D001CAD57 /* UITableViewCell的展开与收缩 */ = {
			isa = PBXNativeTarget;
			buildConfigurationList = 8955EC9D1C311E5D001CAD57 /* Build configuration list for PBXNativeTarget "UITableViewCell的展开与收缩" */;
			buildPhases = (
				8955EC6C1C311E5D001CAD57 /* Sources */,
				8955EC6D1C311E5D001CAD57 /* Frameworks */,
				8955EC6E1C311E5D001CAD57 /* Resources */,
			);
			buildRules = (
			);
			dependencies = (
			);
			name = "UITableViewCell的展开与收缩";
			productName = "UITableViewCell的展开与收缩";
			productReference = 8955EC701C311E5D001CAD57 /* UITableViewCell的展开与收缩.app */;
			productType = "com.apple.product-type.application";
		};
		8955EC881C311E5D001CAD57 /* UITableViewCell的展开与收缩Tests */ = {
			isa = PBXNativeTarget;
			buildConfigurationList = 8955ECA01C311E5D001CAD57 /* Build configuration list for PBXNativeTarget "UITableViewCell的展开与收缩Tests" */;
			buildPhases = (
				8955EC851C311E5D001CAD57 /* Sources */,
				8955EC861C311E5D001CAD57 /* Frameworks */,
				8955EC871C311E5D001CAD57 /* Resources */,
			);
			buildRules = (
			);
			dependencies = (
				8955EC8B1C311E5D001CAD57 /* PBXTargetDependency */,
			);
			name = "UITableViewCell的展开与收缩Tests";
			productName = "UITableViewCell的展开与收缩Tests";
			productReference = 8955EC891C311E5D001CAD57 /* UITableViewCell的展开与收缩Tests.xctest */;
			productType = "com.apple.product-type.bundle.unit-test";
		};
		8955EC931C311E5D001CAD57 /* UITableViewCell的展开与收缩UITests */ = {
			isa = PBXNativeTarget;
			buildConfigurationList = 8955ECA31C311E5D001CAD57 /* Build configuration list for PBXNativeTarget "UITableViewCell的展开与收缩UITests" */;
			buildPhases = (
				8955EC901C311E5D001CAD57 /* Sources */,
				8955EC911C311E5D001CAD57 /* Frameworks */,
				8955EC921C311E5D001CAD57 /* Resources */,
			);
			buildRules = (
			);
			dependencies = (
				8955EC961C311E5D001CAD57 /* PBXTargetDependency */,
			);
			name = "UITableViewCell的展开与收缩UITests";
			productName = "UITableViewCell的展开与收缩UITests";
			productReference = 8955EC941C311E5D001CAD57 /* UITableViewCell的展开与收缩UITests.xctest */;
			productType = "com.apple.product-type.bundle.ui-testing";
		};
/* End PBXNativeTarget section */

/* Begin PBXProject section */
		8955EC681C311E5D001CAD57 /* Project object */ = {
			isa = PBXProject;
			attributes = {
				LastUpgradeCheck = 0720;
				ORGANIZATIONNAME = ftf;
				TargetAttributes = {
					8955EC6F1C311E5D001CAD57 = {
						CreatedOnToolsVersion = 7.2;
					};
					8955EC881C311E5D001CAD57 = {
						CreatedOnToolsVersion = 7.2;
						TestTargetID = 8955EC6F1C311E5D001CAD57;
					};
					8955EC931C311E5D001CAD57 = {
						CreatedOnToolsVersion = 7.2;
						TestTargetID = 8955EC6F1C311E5D001CAD57;
					};
				};
			};
			buildConfigurationList = 8955EC6B1C311E5D001CAD57 /* Build configuration list for PBXProject "UITableViewCell的展开与收缩" */;
			compatibilityVersion = "Xcode 3.2";
			developmentRegion = English;
			hasScannedForEncodings = 0;
			knownRegions = (
				en,
				Base,
			);
			mainGroup = 8955EC671C311E5D001CAD57;
			productRefGroup = 8955EC711C311E5D001CAD57 /* Products */;
			projectDirPath = "";
			projectRoot = "";
			targets = (
				8955EC6F1C311E5D001CAD57 /* UITableViewCell的展开与收缩 */,
				8955EC881C311E5D001CAD57 /* UITableViewCell的展开与收缩Tests */,
				8955EC931C311E5D001CAD57 /* UITableViewCell的展开与收缩UITests */,
			);
		};
/* End PBXProject section */

/* Begin PBXResourcesBuildPhase section */
		8955EC6E1C311E5D001CAD57 /* Resources */ = {
			isa = PBXResourcesBuildPhase;
			buildActionMask = 2147483647;
			files = (
				8955EC831C311E5D001CAD57 /* LaunchScreen.storyboard in Resources */,
				8955EC801C311E5D001CAD57 /* Assets.xcassets in Resources */,
				8955EC7E1C311E5D001CAD57 /* Main.storyboard in Resources */,
			);
			runOnlyForDeploymentPostprocessing = 0;
		};
		8955EC871C311E5D001CAD57 /* Resources */ = {
			isa = PBXResourcesBuildPhase;
			buildActionMask = 2147483647;
			files = (
			);
			runOnlyForDeploymentPostprocessing = 0;
		};
		8955EC921C311E5D001CAD57 /* Resources */ = {
			isa = PBXResourcesBuildPhase;
			buildActionMask = 2147483647;
			files = (
			);
			runOnlyForDeploymentPostprocessing = 0;
		};
/* End PBXResourcesBuildPhase section */

/* Begin PBXSourcesBuildPhase section */
		8955EC6C1C311E5D001CAD57 /* Sources */ = {
			isa = PBXSourcesBuildPhase;
			buildActionMask = 2147483647;
			files = (
				8955EC7B1C311E5D001CAD57 /* ViewController.m in Sources */,
				8955EC781C311E5D001CAD57 /* AppDelegate.m in Sources */,
				8955EC751C311E5D001CAD57 /* main.m in Sources */,
				8955ECBA1C312D12001CAD57 /* UnfoldModel.m in Sources */,
				8955ECB91C312D12001CAD57 /* UnfoldFrameModel.m in Sources */,
				8955ECB81C312D12001CAD57 /* UnfoldCell.m in Sources */,
			);
			runOnlyForDeploymentPostprocessing = 0;
		};
		8955EC851C311E5D001CAD57 /* Sources */ = {
			isa = PBXSourcesBuildPhase;
			buildActionMask = 2147483647;
			files = (
				8955EC8E1C311E5D001CAD57 /* UITableViewCell______Tests.m in Sources */,
			);
			runOnlyForDeploymentPostprocessing = 0;
		};
		8955EC901C311E5D001CAD57 /* Sources */ = {
			isa = PBXSourcesBuildPhase;
			buildActionMask = 2147483647;
			files = (
				8955EC991C311E5D001CAD57 /* UITableViewCell______UITests.m in Sources */,
			);
			runOnlyForDeploymentPostprocessing = 0;
		};
/* End PBXSourcesBuildPhase section */

/* Begin PBXTargetDependency section */
		8955EC8B1C311E5D001CAD57 /* PBXTargetDependency */ = {
			isa = PBXTargetDependency;
			target = 8955EC6F1C311E5D001CAD57 /* UITableViewCell的展开与收缩 */;
			targetProxy = 8955EC8A1C311E5D001CAD57 /* PBXContainerItemProxy */;
		};
		8955EC961C311E5D001CAD57 /* PBXTargetDependency */ = {
			isa = PBXTargetDependency;
			target = 8955EC6F1C311E5D001CAD57 /* UITableViewCell的展开与收缩 */;
			targetProxy = 8955EC951C311E5D001CAD57 /* PBXContainerItemProxy */;
		};
/* End PBXTargetDependency section */

/* Begin PBXVariantGroup section */
		8955EC7C1C311E5D001CAD57 /* Main.storyboard */ = {
			isa = PBXVariantGroup;
			children = (
				8955EC7D1C311E5D001CAD57 /* Base */,
			);
			name = Main.storyboard;
			sourceTree = "<group>";
		};
		8955EC811C311E5D001CAD57 /* LaunchScreen.storyboard */ = {
			isa = PBXVariantGroup;
			children = (
				8955EC821C311E5D001CAD57 /* Base */,
			);
			name = LaunchScreen.storyboard;
			sourceTree = "<group>";
		};
/* End PBXVariantGroup section */

/* Begin XCBuildConfiguration section */
		8955EC9B1C311E5D001CAD57 /* Debug */ = {
			isa = XCBuildConfiguration;
			buildSettings = {
				ALWAYS_SEARCH_USER_PATHS = NO;
				CLANG_CXX_LANGUAGE_STANDARD = "gnu++0x";
				CLANG_CXX_LIBRARY = "libc++";
				CLANG_ENABLE_MODULES = YES;
				CLANG_ENABLE_OBJC_ARC = YES;
				CLANG_WARN_BOOL_CONVERSION = YES;
				CLANG_WARN_CONSTANT_CONVERSION = YES;
				CLANG_WARN_DIRECT_OBJC_ISA_USAGE = YES_ERROR;
				CLANG_WARN_EMPTY_BODY = YES;
				CLANG_WARN_ENUM_CONVERSION = YES;
				CLANG_WARN_INT_CONVERSION = YES;
				CLANG_WARN_OBJC_ROOT_CLASS = YES_ERROR;
				CLANG_WARN_UNREACHABLE_CODE = YES;
				CLANG_WARN__DUPLICATE_METHOD_MATCH = YES;
				"CODE_SIGN_IDENTITY[sdk=iphoneos*]" = "iPhone Developer";
				COPY_PHASE_STRIP = NO;
				DEBUG_INFORMATION_FORMAT = dwarf;
				ENABLE_STRICT_OBJC_MSGSEND = YES;
				ENABLE_TESTABILITY = YES;
				GCC_C_LANGUAGE_STANDARD = gnu99;
				GCC_DYNAMIC_NO_PIC = NO;
				GCC_NO_COMMON_BLOCKS = YES;
				GCC_OPTIMIZATION_LEVEL = 0;
				GCC_PREPROCESSOR_DEFINITIONS = (
					"DEBUG=1",
					"$(inherited)",
				);
				GCC_WARN_64_TO_32_BIT_CONVERSION = YES;
				GCC_WARN_ABOUT_RETURN_TYPE = YES_ERROR;
				GCC_WARN_UNDECLARED_SELECTOR = YES;
				GCC_WARN_UNINITIALIZED_AUTOS = YES_AGGRESSIVE;
				GCC_WARN_UNUSED_FUNCTION = YES;
				GCC_WARN_UNUSED_VARIABLE = YES;
				IPHONEOS_DEPLOYMENT_TARGET = 9.2;
				MTL_ENABLE_DEBUG_INFO = YES;
				ONLY_ACTIVE_ARCH = YES;
				SDKROOT = iphoneos;
				TARGETED_DEVICE_FAMILY = "1,2";
			};
			name = Debug;
		};
		8955EC9C1C311E5D001CAD57 /* Release */ = {
			isa = XCBuildConfiguration;
			buildSettings = {
				ALWAYS_SEARCH_USER_PATHS = NO;
				CLANG_CXX_LANGUAGE_STANDARD = "gnu++0x";
				CLANG_CXX_LIBRARY = "libc++";
				CLANG_ENABLE_MODULES = YES;
				CLANG_ENABLE_OBJC_ARC = YES;
				CLANG_WARN_BOOL_CONVERSION = YES;
				CLANG_WARN_CONSTANT_CONVERSION = YES;
				CLANG_WARN_DIRECT_OBJC_ISA_USAGE = YES_ERROR;
				CLANG_WARN_EMPTY_BODY = YES;
				CLANG_WARN_ENUM_CONVERSION = YES;
				CLANG_WARN_INT_CONVERSION = YES;
				CLANG_WARN_OBJC_ROOT_CLASS = YES_ERROR;
				CLANG_WARN_UNREACHABLE_CODE = YES;
				CLANG_WARN__DUPLICATE_METHOD_MATCH = YES;
				"CODE_SIGN_IDENTITY[sdk=iphoneos*]" = "iPhone Developer";
				COPY_PHASE_STRIP = NO;
				DEBUG_INFORMATION_FORMAT = "dwarf-with-dsym";
				ENABLE_NS_ASSERTIONS = NO;
				ENABLE_STRICT_OBJC_MSGSEND = YES;
				GCC_C_LANGUAGE_STANDARD = gnu99;
				GCC_NO_COMMON_BLOCKS = YES;
				GCC_WARN_64_TO_32_BIT_CONVERSION = YES;
				GCC_WARN_ABOUT_RETURN_TYPE = YES_ERROR;
				GCC_WARN_UNDECLARED_SELECTOR = YES;
				GCC_WARN_UNINITIALIZED_AUTOS = YES_AGGRESSIVE;
				GCC_WARN_UNUSED_FUNCTION = YES;
				GCC_WARN_UNUSED_VARIABLE = YES;
				IPHONEOS_DEPLOYMENT_TARGET = 9.2;
				MTL_ENABLE_DEBUG_INFO = NO;
				SDKROOT = iphoneos;
				TARGETED_DEVICE_FAMILY = "1,2";
				VALIDATE_PRODUCT = YES;
			};
			name = Release;
		};
		8955EC9E1C311E5D001CAD57 /* Debug */ = {
			isa = XCBuildConfiguration;
			buildSettings = {
				ASSETCATALOG_COMPILER_APPICON_NAME = AppIcon;
				INFOPLIST_FILE = "UITableViewCell的展开与收缩/Info.plist";
				IPHONEOS_DEPLOYMENT_TARGET = 7.0;
				LD_RUNPATH_SEARCH_PATHS = "$(inherited) @executable_path/Frameworks";
				PRODUCT_BUNDLE_IDENTIFIER = "com.ftf.tableview.UITableViewCell------";
				PRODUCT_NAME = "$(TARGET_NAME)";
			};
			name = Debug;
		};
		8955EC9F1C311E5D001CAD57 /* Release */ = {
			isa = XCBuildConfiguration;
			buildSettings = {
				ASSETCATALOG_COMPILER_APPICON_NAME = AppIcon;
				INFOPLIST_FILE = "UITableViewCell的展开与收缩/Info.plist";
				IPHONEOS_DEPLOYMENT_TARGET = 7.0;
				LD_RUNPATH_SEARCH_PATHS = "$(inherited) @executable_path/Frameworks";
				PRODUCT_BUNDLE_IDENTIFIER = "com.ftf.tableview.UITableViewCell------";
				PRODUCT_NAME = "$(TARGET_NAME)";
			};
			name = Release;
		};
		8955ECA11C311E5D001CAD57 /* Debug */ = {
			isa = XCBuildConfiguration;
			buildSettings = {
				BUNDLE_LOADER = "$(TEST_HOST)";
				INFOPLIST_FILE = "UITableViewCell的展开与收缩Tests/Info.plist";
				LD_RUNPATH_SEARCH_PATHS = "$(inherited) @executable_path/Frameworks @loader_path/Frameworks";
				PRODUCT_BUNDLE_IDENTIFIER = "com.ftf.tableview.UITableViewCell------Tests";
				PRODUCT_NAME = "$(TARGET_NAME)";
				TEST_HOST = "$(BUILT_PRODUCTS_DIR)/UITableViewCell的展开与收缩.app/UITableViewCell的展开与收缩";
			};
			name = Debug;
		};
		8955ECA21C311E5D001CAD57 /* Release */ = {
			isa = XCBuildConfiguration;
			buildSettings = {
				BUNDLE_LOADER = "$(TEST_HOST)";
				INFOPLIST_FILE = "UITableViewCell的展开与收缩Tests/Info.plist";
				LD_RUNPATH_SEARCH_PATHS = "$(inherited) @executable_path/Frameworks @loader_path/Frameworks";
				PRODUCT_BUNDLE_IDENTIFIER = "com.ftf.tableview.UITableViewCell------Tests";
				PRODUCT_NAME = "$(TARGET_NAME)";
				TEST_HOST = "$(BUILT_PRODUCTS_DIR)/UITableViewCell的展开与收缩.app/UITableViewCell的展开与收缩";
			};
			name = Release;
		};
		8955ECA41C311E5D001CAD57 /* Debug */ = {
			isa = XCBuildConfiguration;
			buildSettings = {
				INFOPLIST_FILE = "UITableViewCell的展开与收缩UITests/Info.plist";
				LD_RUNPATH_SEARCH_PATHS = "$(inherited) @executable_path/Frameworks @loader_path/Frameworks";
				PRODUCT_BUNDLE_IDENTIFIER = "com.ftf.tableview.UITableViewCell------UITests";
				PRODUCT_NAME = "$(TARGET_NAME)";
				TEST_TARGET_NAME = "UITableViewCell的展开与收缩";
				USES_XCTRUNNER = YES;
			};
			name = Debug;
		};
		8955ECA51C311E5D001CAD57 /* Release */ = {
			isa = XCBuildConfiguration;
			buildSettings = {
				INFOPLIST_FILE = "UITableViewCell的展开与收缩UITests/Info.plist";
				LD_RUNPATH_SEARCH_PATHS = "$(inherited) @executable_path/Frameworks @loader_path/Frameworks";
				PRODUCT_BUNDLE_IDENTIFIER = "com.ftf.tableview.UITableViewCell------UITests";
				PRODUCT_NAME = "$(TARGET_NAME)";
				TEST_TARGET_NAME = "UITableViewCell的展开与收缩";
				USES_XCTRUNNER = YES;
			};
			name = Release;
		};
/* End XCBuildConfiguration section */

/* Begin XCConfigurationList section */
		8955EC6B1C311E5D001CAD57 /* Build configuration list for PBXProject "UITableViewCell的展开与收缩" */ = {
			isa = XCConfigurationList;
			buildConfigurations = (
				8955EC9B1C311E5D001CAD57 /* Debug */,
				8955EC9C1C311E5D001CAD57 /* Release */,
			);
			defaultConfigurationIsVisible = 0;
			defaultConfigurationName = Release;
		};
		8955EC9D1C311E5D001CAD57 /* Build configuration list for PBXNativeTarget "UITableViewCell的展开与收缩" */ = {
			isa = XCConfigurationList;
			buildConfigurations = (
				8955EC9E1C311E5D001CAD57 /* Debug */,
				8955EC9F1C311E5D001CAD57 /* Release */,
			);
			defaultConfigurationIsVisible = 0;
			defaultConfigurationName = Release;
		};
		8955ECA01C311E5D001CAD57 /* Build configuration list for PBXNativeTarget "UITableViewCell的展开与收缩Tests" */ = {
			isa = XCConfigurationList;
			buildConfigurations = (
				8955ECA11C311E5D001CAD57 /* Debug */,
				8955ECA21C311E5D001CAD57 /* Release */,
			);
			defaultConfigurationIsVisible = 0;
			defaultConfigurationName = Release;
		};
		8955ECA31C311E5D001CAD57 /* Build configuration list for PBXNativeTarget "UITableViewCell的展开与收缩UITests" */ = {
			isa = XCConfigurationList;
			buildConfigurations = (
				8955ECA41C311E5D001CAD57 /* Debug */,
				8955ECA51C311E5D001CAD57 /* Release */,
			);
			defaultConfigurationIsVisible = 0;
			defaultConfigurationName = Release;
		};
/* End XCConfigurationList section */
	};
	rootObject = 8955EC681C311E5D001CAD57 /* Project object */;
}
