// !$*UTF8*$!
{
	archiveVersion = 1;
	classes = {
	};
	objectVersion = 46;
	objects = {

/* Begin PBXBuildFile section */
		89CDBE6D1C83F06B00C52481 /* HTTPStreamingServer.m in Sources */ = {isa = PBXBuildFile; fileRef = 89CDBE6C1C83F06B00C52481 /* HTTPStreamingServer.m */; };
		89E759E21C86F4BF002A10BA /* AVFoundation.framework in Frameworks */ = {isa = PBXBuildFile; fileRef = 89E759E11C86F4BF002A10BA /* AVFoundation.framework */; };
		89E759E41C86F4C8002A10BA /* CoreMedia.framework in Frameworks */ = {isa = PBXBuildFile; fileRef = 89E759E31C86F4C8002A10BA /* CoreMedia.framework */; };
		89E759EB1C86F8DB002A10BA /* UIImage+Category.m in Sources */ = {isa = PBXBuildFile; fileRef = 89E759EA1C86F8DB002A10BA /* UIImage+Category.m */; };
		ACDA0AB9E59633E11723907F /* libPods.a in Frameworks */ = {isa = PBXBuildFile; fileRef = 541DD27D81C8F94CD3ADFDDC /* libPods.a */; };
		FE28D8111C872F72000AFC70 /* MovieFolderViewController.m in Sources */ = {isa = PBXBuildFile; fileRef = FE28D8101C872F72000AFC70 /* MovieFolderViewController.m */; };
		FE28D8141C8734D4000AFC70 /* MovieFile.m in Sources */ = {isa = PBXBuildFile; fileRef = FE28D8131C8734D4000AFC70 /* MovieFile.m */; };
		FE28D8161C873CCF000AFC70 /* MovieListCell.xib in Resources */ = {isa = PBXBuildFile; fileRef = FE28D8151C873CCF000AFC70 /* MovieListCell.xib */; };
		FEA58DEC1C83275F00FE4E8A /* main.m in Sources */ = {isa = PBXBuildFile; fileRef = FEA58DEB1C83275F00FE4E8A /* main.m */; };
		FEA58DEF1C83275F00FE4E8A /* AppDelegate.m in Sources */ = {isa = PBXBuildFile; fileRef = FEA58DEE1C83275F00FE4E8A /* AppDelegate.m */; };
		FEA58DF21C83275F00FE4E8A /* ViewController.m in Sources */ = {isa = PBXBuildFile; fileRef = FEA58DF11C83275F00FE4E8A /* ViewController.m */; };
		FEA58DF51C83275F00FE4E8A /* Main.storyboard in Resources */ = {isa = PBXBuildFile; fileRef = FEA58DF31C83275F00FE4E8A /* Main.storyboard */; };
		FEA58DF71C83275F00FE4E8A /* Assets.xcassets in Resources */ = {isa = PBXBuildFile; fileRef = FEA58DF61C83275F00FE4E8A /* Assets.xcassets */; };
		FEA58DFA1C83275F00FE4E8A /* LaunchScreen.storyboard in Resources */ = {isa = PBXBuildFile; fileRef = FEA58DF81C83275F00FE4E8A /* LaunchScreen.storyboard */; };
		FEA58E051C83275F00FE4E8A /* FileMasterTests.m in Sources */ = {isa = PBXBuildFile; fileRef = FEA58E041C83275F00FE4E8A /* FileMasterTests.m */; };
		FEA58E101C83275F00FE4E8A /* FileMasterUITests.m in Sources */ = {isa = PBXBuildFile; fileRef = FEA58E0F1C83275F00FE4E8A /* FileMasterUITests.m */; };
		FEA58E5E1C83406700FE4E8A /* VKVideoPlayer.m in Sources */ = {isa = PBXBuildFile; fileRef = FEA58E301C83406700FE4E8A /* VKVideoPlayer.m */; };
		FEA58E5F1C83406700FE4E8A /* VKVideoPlayerAirPlay.m in Sources */ = {isa = PBXBuildFile; fileRef = FEA58E321C83406700FE4E8A /* VKVideoPlayerAirPlay.m */; };
		FEA58E601C83406700FE4E8A /* VKVideoPlayerCaption.m in Sources */ = {isa = PBXBuildFile; fileRef = FEA58E341C83406700FE4E8A /* VKVideoPlayerCaption.m */; };
		FEA58E611C83406700FE4E8A /* VKVideoPlayerCaptionSRT.m in Sources */ = {isa = PBXBuildFile; fileRef = FEA58E361C83406700FE4E8A /* VKVideoPlayerCaptionSRT.m */; };
		FEA58E621C83406700FE4E8A /* VKVideoPlayerExternalMonitor.m in Sources */ = {isa = PBXBuildFile; fileRef = FEA58E391C83406700FE4E8A /* VKVideoPlayerExternalMonitor.m */; };
		FEA58E631C83406700FE4E8A /* VKVideoPlayerLayerView.m in Sources */ = {isa = PBXBuildFile; fileRef = FEA58E3B1C83406700FE4E8A /* VKVideoPlayerLayerView.m */; };
		FEA58E641C83406700FE4E8A /* VKVideoPlayerSettingsManager.m in Sources */ = {isa = PBXBuildFile; fileRef = FEA58E3D1C83406700FE4E8A /* VKVideoPlayerSettingsManager.m */; };
		FEA58E651C83406700FE4E8A /* VKVideoPlayerTrack.m in Sources */ = {isa = PBXBuildFile; fileRef = FEA58E3F1C83406700FE4E8A /* VKVideoPlayerTrack.m */; };
		FEA58E661C83406700FE4E8A /* VKVideoPlayerView.m in Sources */ = {isa = PBXBuildFile; fileRef = FEA58E411C83406700FE4E8A /* VKVideoPlayerView.m */; };
		FEA58E671C83406700FE4E8A /* VKVideoPlayerView.xib in Resources */ = {isa = PBXBuildFile; fileRef = FEA58E421C83406700FE4E8A /* VKVideoPlayerView.xib */; };
		FEA58E681C83406700FE4E8A /* VKVideoPlayerViewController.m in Sources */ = {isa = PBXBuildFile; fileRef = FEA58E441C83406700FE4E8A /* VKVideoPlayerViewController.m */; };
		FEA58E691C83406700FE4E8A /* VKVideoPlayerViewController~ipad.xib in Resources */ = {isa = PBXBuildFile; fileRef = FEA58E451C83406700FE4E8A /* VKVideoPlayerViewController~ipad.xib */; };
		FEA58E6A1C83406700FE4E8A /* VKVideoPlayerViewController~iphone.xib in Resources */ = {isa = PBXBuildFile; fileRef = FEA58E461C83406700FE4E8A /* VKVideoPlayerViewController~iphone.xib */; };
		FEA58E6B1C83406700FE4E8A /* VKVideoPlayer_close.png in Resources */ = {isa = PBXBuildFile; fileRef = FEA58E481C83406700FE4E8A /* VKVideoPlayer_close.png */; };
		FEA58E6C1C83406700FE4E8A /* VKVideoPlayer_close@2x.png in Resources */ = {isa = PBXBuildFile; fileRef = FEA58E491C83406700FE4E8A /* VKVideoPlayer_close@2x.png */; };
		FEA58E6D1C83406700FE4E8A /* VKVideoPlayer_cross.png in Resources */ = {isa = PBXBuildFile; fileRef = FEA58E4A1C83406700FE4E8A /* VKVideoPlayer_cross.png */; };
		FEA58E6E1C83406700FE4E8A /* VKVideoPlayer_cross@2x.png in Resources */ = {isa = PBXBuildFile; fileRef = FEA58E4B1C83406700FE4E8A /* VKVideoPlayer_cross@2x.png */; };
		FEA58E6F1C83406700FE4E8A /* VKVideoPlayer_next.png in Resources */ = {isa = PBXBuildFile; fileRef = FEA58E4C1C83406700FE4E8A /* VKVideoPlayer_next.png */; };
		FEA58E701C83406700FE4E8A /* VKVideoPlayer_next@2x.png in Resources */ = {isa = PBXBuildFile; fileRef = FEA58E4D1C83406700FE4E8A /* VKVideoPlayer_next@2x.png */; };
		FEA58E711C83406700FE4E8A /* VKVideoPlayer_pause.png in Resources */ = {isa = PBXBuildFile; fileRef = FEA58E4E1C83406700FE4E8A /* VKVideoPlayer_pause.png */; };
		FEA58E721C83406700FE4E8A /* VKVideoPlayer_pause@2x.png in Resources */ = {isa = PBXBuildFile; fileRef = FEA58E4F1C83406700FE4E8A /* VKVideoPlayer_pause@2x.png */; };
		FEA58E731C83406700FE4E8A /* VKVideoPlayer_pause_big.png in Resources */ = {isa = PBXBuildFile; fileRef = FEA58E501C83406700FE4E8A /* VKVideoPlayer_pause_big.png */; };
		FEA58E741C83406700FE4E8A /* VKVideoPlayer_pause_big@2x.png in Resources */ = {isa = PBXBuildFile; fileRef = FEA58E511C83406700FE4E8A /* VKVideoPlayer_pause_big@2x.png */; };
		FEA58E751C83406700FE4E8A /* VKVideoPlayer_play.png in Resources */ = {isa = PBXBuildFile; fileRef = FEA58E521C83406700FE4E8A /* VKVideoPlayer_play.png */; };
		FEA58E761C83406700FE4E8A /* VKVideoPlayer_play@2x.png in Resources */ = {isa = PBXBuildFile; fileRef = FEA58E531C83406700FE4E8A /* VKVideoPlayer_play@2x.png */; };
		FEA58E771C83406700FE4E8A /* VKVideoPlayer_play_big.png in Resources */ = {isa = PBXBuildFile; fileRef = FEA58E541C83406700FE4E8A /* VKVideoPlayer_play_big.png */; };
		FEA58E781C83406700FE4E8A /* VKVideoPlayer_play_big@2x.png in Resources */ = {isa = PBXBuildFile; fileRef = FEA58E551C83406700FE4E8A /* VKVideoPlayer_play_big@2x.png */; };
		FEA58E791C83406700FE4E8A /* VKVideoPlayer_rewind.png in Resources */ = {isa = PBXBuildFile; fileRef = FEA58E561C83406700FE4E8A /* VKVideoPlayer_rewind.png */; };
		FEA58E7A1C83406700FE4E8A /* VKVideoPlayer_rewind@2x.png in Resources */ = {isa = PBXBuildFile; fileRef = FEA58E571C83406700FE4E8A /* VKVideoPlayer_rewind@2x.png */; };
		FEA58E7B1C83406700FE4E8A /* VKVideoPlayer_zoom_in.png in Resources */ = {isa = PBXBuildFile; fileRef = FEA58E581C83406700FE4E8A /* VKVideoPlayer_zoom_in.png */; };
		FEA58E7C1C83406700FE4E8A /* VKVideoPlayer_zoom_in@2x.png in Resources */ = {isa = PBXBuildFile; fileRef = FEA58E591C83406700FE4E8A /* VKVideoPlayer_zoom_in@2x.png */; };
		FEA58E7D1C83406700FE4E8A /* VKVideoPlayer_zoom_out.png in Resources */ = {isa = PBXBuildFile; fileRef = FEA58E5A1C83406700FE4E8A /* VKVideoPlayer_zoom_out.png */; };
		FEA58E7E1C83406700FE4E8A /* VKVideoPlayer_zoom_out@2x.png in Resources */ = {isa = PBXBuildFile; fileRef = FEA58E5B1C83406700FE4E8A /* VKVideoPlayer_zoom_out@2x.png */; };
		FEA58E7F1C83406700FE4E8A /* LICENSE in Resources */ = {isa = PBXBuildFile; fileRef = FEA58E5C1C83406700FE4E8A /* LICENSE */; };
		FEA58E801C83406700FE4E8A /* README.md in Sources */ = {isa = PBXBuildFile; fileRef = FEA58E5D1C83406700FE4E8A /* README.md */; };
		FEA58E841C8347A500FE4E8A /* MovieListViewController.m in Sources */ = {isa = PBXBuildFile; fileRef = FEA58E831C8347A500FE4E8A /* MovieListViewController.m */; };
		FEA58E871C8347BE00FE4E8A /* PrivateListViewController.m in Sources */ = {isa = PBXBuildFile; fileRef = FEA58E861C8347BE00FE4E8A /* PrivateListViewController.m */; };
		FEA58E8A1C8347CE00FE4E8A /* SettingViewController.m in Sources */ = {isa = PBXBuildFile; fileRef = FEA58E891C8347CE00FE4E8A /* SettingViewController.m */; };
		FEA58E8D1C8348F400FE4E8A /* MovieListCell.m in Sources */ = {isa = PBXBuildFile; fileRef = FEA58E8C1C8348F400FE4E8A /* MovieListCell.m */; };
		FEA58E901C834A2000FE4E8A /* MovieList.m in Sources */ = {isa = PBXBuildFile; fileRef = FEA58E8F1C834A2000FE4E8A /* MovieList.m */; };
		FEA58E931C834E0F00FE4E8A /* MoviePlayerViewController.m in Sources */ = {isa = PBXBuildFile; fileRef = FEA58E921C834E0F00FE4E8A /* MoviePlayerViewController.m */; };
		FEA58E961C83502000FE4E8A /* ForwardBackView.m in Sources */ = {isa = PBXBuildFile; fileRef = FEA58E951C83502000FE4E8A /* ForwardBackView.m */; };
/* End PBXBuildFile section */

/* Begin PBXContainerItemProxy section */
		FEA58E011C83275F00FE4E8A /* PBXContainerItemProxy */ = {
			isa = PBXContainerItemProxy;
			containerPortal = FEA58DDF1C83275F00FE4E8A /* Project object */;
			proxyType = 1;
			remoteGlobalIDString = FEA58DE61C83275F00FE4E8A;
			remoteInfo = FileMaster;
		};
		FEA58E0C1C83275F00FE4E8A /* PBXContainerItemProxy */ = {
			isa = PBXContainerItemProxy;
			containerPortal = FEA58DDF1C83275F00FE4E8A /* Project object */;
			proxyType = 1;
			remoteGlobalIDString = FEA58DE61C83275F00FE4E8A;
			remoteInfo = FileMaster;
		};
/* End PBXContainerItemProxy section */

/* Begin PBXFileReference section */
		2C0DB9C2757F2FFA7DE76AE0 /* Pods.release.xcconfig */ = {isa = PBXFileReference; includeInIndex = 1; lastKnownFileType = text.xcconfig; name = Pods.release.xcconfig; path = "Pods/Target Support Files/Pods/Pods.release.xcconfig"; sourceTree = "<group>"; };
		541DD27D81C8F94CD3ADFDDC /* libPods.a */ = {isa = PBXFileReference; explicitFileType = archive.ar; includeInIndex = 0; path = libPods.a; sourceTree = BUILT_PRODUCTS_DIR; };
		89CDBE6B1C83F06B00C52481 /* HTTPStreamingServer.h */ = {isa = PBXFileReference; fileEncoding = 4; lastKnownFileType = sourcecode.c.h; path = HTTPStreamingServer.h; sourceTree = "<group>"; };
		89CDBE6C1C83F06B00C52481 /* HTTPStreamingServer.m */ = {isa = PBXFileReference; fileEncoding = 4; lastKnownFileType = sourcecode.c.objc; path = HTTPStreamingServer.m; sourceTree = "<group>"; };
		89E759E11C86F4BF002A10BA /* AVFoundation.framework */ = {isa = PBXFileReference; lastKnownFileType = wrapper.framework; name = AVFoundation.framework; path = System/Library/Frameworks/AVFoundation.framework; sourceTree = SDKROOT; };
		89E759E31C86F4C8002A10BA /* CoreMedia.framework */ = {isa = PBXFileReference; lastKnownFileType = wrapper.framework; name = CoreMedia.framework; path = System/Library/Frameworks/CoreMedia.framework; sourceTree = SDKROOT; };
		89E759E91C86F8DB002A10BA /* UIImage+Category.h */ = {isa = PBXFileReference; fileEncoding = 4; lastKnownFileType = sourcecode.c.h; path = "UIImage+Category.h"; sourceTree = "<group>"; };
		89E759EA1C86F8DB002A10BA /* UIImage+Category.m */ = {isa = PBXFileReference; fileEncoding = 4; lastKnownFileType = sourcecode.c.objc; path = "UIImage+Category.m"; sourceTree = "<group>"; };
		9CE42351BCADF39EDF82BF7A /* Pods.debug.xcconfig */ = {isa = PBXFileReference; includeInIndex = 1; lastKnownFileType = text.xcconfig; name = Pods.debug.xcconfig; path = "Pods/Target Support Files/Pods/Pods.debug.xcconfig"; sourceTree = "<group>"; };
		FE28D80F1C872F72000AFC70 /* MovieFolderViewController.h */ = {isa = PBXFileReference; fileEncoding = 4; lastKnownFileType = sourcecode.c.h; path = MovieFolderViewController.h; sourceTree = "<group>"; };
		FE28D8101C872F72000AFC70 /* MovieFolderViewController.m */ = {isa = PBXFileReference; fileEncoding = 4; lastKnownFileType = sourcecode.c.objc; path = MovieFolderViewController.m; sourceTree = "<group>"; };
		FE28D8121C8734D4000AFC70 /* MovieFile.h */ = {isa = PBXFileReference; fileEncoding = 4; lastKnownFileType = sourcecode.c.h; path = MovieFile.h; sourceTree = "<group>"; };
		FE28D8131C8734D4000AFC70 /* MovieFile.m */ = {isa = PBXFileReference; fileEncoding = 4; lastKnownFileType = sourcecode.c.objc; path = MovieFile.m; sourceTree = "<group>"; };
		FE28D8151C873CCF000AFC70 /* MovieListCell.xib */ = {isa = PBXFileReference; fileEncoding = 4; lastKnownFileType = file.xib; path = MovieListCell.xib; sourceTree = "<group>"; };
		FEA58DE71C83275F00FE4E8A /* FileMaster.app */ = {isa = PBXFileReference; explicitFileType = wrapper.application; includeInIndex = 0; path = FileMaster.app; sourceTree = BUILT_PRODUCTS_DIR; };
		FEA58DEB1C83275F00FE4E8A /* main.m */ = {isa = PBXFileReference; lastKnownFileType = sourcecode.c.objc; path = main.m; sourceTree = "<group>"; };
		FEA58DED1C83275F00FE4E8A /* AppDelegate.h */ = {isa = PBXFileReference; lastKnownFileType = sourcecode.c.h; path = AppDelegate.h; sourceTree = "<group>"; };
		FEA58DEE1C83275F00FE4E8A /* AppDelegate.m */ = {isa = PBXFileReference; lastKnownFileType = sourcecode.c.objc; path = AppDelegate.m; sourceTree = "<group>"; };
		FEA58DF01C83275F00FE4E8A /* ViewController.h */ = {isa = PBXFileReference; lastKnownFileType = sourcecode.c.h; path = ViewController.h; sourceTree = "<group>"; };
		FEA58DF11C83275F00FE4E8A /* ViewController.m */ = {isa = PBXFileReference; lastKnownFileType = sourcecode.c.objc; path = ViewController.m; sourceTree = "<group>"; };
		FEA58DF41C83275F00FE4E8A /* Base */ = {isa = PBXFileReference; lastKnownFileType = file.storyboard; name = Base; path = Base.lproj/Main.storyboard; sourceTree = "<group>"; };
		FEA58DF61C83275F00FE4E8A /* Assets.xcassets */ = {isa = PBXFileReference; lastKnownFileType = folder.assetcatalog; path = Assets.xcassets; sourceTree = "<group>"; };
		FEA58DF91C83275F00FE4E8A /* Base */ = {isa = PBXFileReference; lastKnownFileType = file.storyboard; name = Base; path = Base.lproj/LaunchScreen.storyboard; sourceTree = "<group>"; };
		FEA58DFB1C83275F00FE4E8A /* Info.plist */ = {isa = PBXFileReference; lastKnownFileType = text.plist.xml; path = Info.plist; sourceTree = "<group>"; };
		FEA58E001C83275F00FE4E8A /* FileMasterTests.xctest */ = {isa = PBXFileReference; explicitFileType = wrapper.cfbundle; includeInIndex = 0; path = FileMasterTests.xctest; sourceTree = BUILT_PRODUCTS_DIR; };
		FEA58E041C83275F00FE4E8A /* FileMasterTests.m */ = {isa = PBXFileReference; lastKnownFileType = sourcecode.c.objc; path = FileMasterTests.m; sourceTree = "<group>"; };
		FEA58E061C83275F00FE4E8A /* Info.plist */ = {isa = PBXFileReference; lastKnownFileType = text.plist.xml; path = Info.plist; sourceTree = "<group>"; };
		FEA58E0B1C83275F00FE4E8A /* FileMasterUITests.xctest */ = {isa = PBXFileReference; explicitFileType = wrapper.cfbundle; includeInIndex = 0; path = FileMasterUITests.xctest; sourceTree = BUILT_PRODUCTS_DIR; };
		FEA58E0F1C83275F00FE4E8A /* FileMasterUITests.m */ = {isa = PBXFileReference; lastKnownFileType = sourcecode.c.objc; path = FileMasterUITests.m; sourceTree = "<group>"; };
		FEA58E111C83275F00FE4E8A /* Info.plist */ = {isa = PBXFileReference; lastKnownFileType = text.plist.xml; path = Info.plist; sourceTree = "<group>"; };
		FEA58E2F1C83406700FE4E8A /* VKVideoPlayer.h */ = {isa = PBXFileReference; fileEncoding = 4; lastKnownFileType = sourcecode.c.h; path = VKVideoPlayer.h; sourceTree = "<group>"; };
		FEA58E301C83406700FE4E8A /* VKVideoPlayer.m */ = {isa = PBXFileReference; fileEncoding = 4; lastKnownFileType = sourcecode.c.objc; path = VKVideoPlayer.m; sourceTree = "<group>"; };
		FEA58E311C83406700FE4E8A /* VKVideoPlayerAirPlay.h */ = {isa = PBXFileReference; fileEncoding = 4; lastKnownFileType = sourcecode.c.h; path = VKVideoPlayerAirPlay.h; sourceTree = "<group>"; };
		FEA58E321C83406700FE4E8A /* VKVideoPlayerAirPlay.m */ = {isa = PBXFileReference; fileEncoding = 4; lastKnownFileType = sourcecode.c.objc; path = VKVideoPlayerAirPlay.m; sourceTree = "<group>"; };
		FEA58E331C83406700FE4E8A /* VKVideoPlayerCaption.h */ = {isa = PBXFileReference; fileEncoding = 4; lastKnownFileType = sourcecode.c.h; path = VKVideoPlayerCaption.h; sourceTree = "<group>"; };
		FEA58E341C83406700FE4E8A /* VKVideoPlayerCaption.m */ = {isa = PBXFileReference; fileEncoding = 4; lastKnownFileType = sourcecode.c.objc; path = VKVideoPlayerCaption.m; sourceTree = "<group>"; };
		FEA58E351C83406700FE4E8A /* VKVideoPlayerCaptionSRT.h */ = {isa = PBXFileReference; fileEncoding = 4; lastKnownFileType = sourcecode.c.h; path = VKVideoPlayerCaptionSRT.h; sourceTree = "<group>"; };
		FEA58E361C83406700FE4E8A /* VKVideoPlayerCaptionSRT.m */ = {isa = PBXFileReference; fileEncoding = 4; lastKnownFileType = sourcecode.c.objc; path = VKVideoPlayerCaptionSRT.m; sourceTree = "<group>"; };
		FEA58E371C83406700FE4E8A /* VKVideoPlayerConfig.h */ = {isa = PBXFileReference; fileEncoding = 4; lastKnownFileType = sourcecode.c.h; path = VKVideoPlayerConfig.h; sourceTree = "<group>"; };
		FEA58E381C83406700FE4E8A /* VKVideoPlayerExternalMonitor.h */ = {isa = PBXFileReference; fileEncoding = 4; lastKnownFileType = sourcecode.c.h; path = VKVideoPlayerExternalMonitor.h; sourceTree = "<group>"; };
		FEA58E391C83406700FE4E8A /* VKVideoPlayerExternalMonitor.m */ = {isa = PBXFileReference; fileEncoding = 4; lastKnownFileType = sourcecode.c.objc; path = VKVideoPlayerExternalMonitor.m; sourceTree = "<group>"; };
		FEA58E3A1C83406700FE4E8A /* VKVideoPlayerLayerView.h */ = {isa = PBXFileReference; fileEncoding = 4; lastKnownFileType = sourcecode.c.h; path = VKVideoPlayerLayerView.h; sourceTree = "<group>"; };
		FEA58E3B1C83406700FE4E8A /* VKVideoPlayerLayerView.m */ = {isa = PBXFileReference; fileEncoding = 4; lastKnownFileType = sourcecode.c.objc; path = VKVideoPlayerLayerView.m; sourceTree = "<group>"; };
		FEA58E3C1C83406700FE4E8A /* VKVideoPlayerSettingsManager.h */ = {isa = PBXFileReference; fileEncoding = 4; lastKnownFileType = sourcecode.c.h; path = VKVideoPlayerSettingsManager.h; sourceTree = "<group>"; };
		FEA58E3D1C83406700FE4E8A /* VKVideoPlayerSettingsManager.m */ = {isa = PBXFileReference; fileEncoding = 4; lastKnownFileType = sourcecode.c.objc; path = VKVideoPlayerSettingsManager.m; sourceTree = "<group>"; };
		FEA58E3E1C83406700FE4E8A /* VKVideoPlayerTrack.h */ = {isa = PBXFileReference; fileEncoding = 4; lastKnownFileType = sourcecode.c.h; path = VKVideoPlayerTrack.h; sourceTree = "<group>"; };
		FEA58E3F1C83406700FE4E8A /* VKVideoPlayerTrack.m */ = {isa = PBXFileReference; fileEncoding = 4; lastKnownFileType = sourcecode.c.objc; path = VKVideoPlayerTrack.m; sourceTree = "<group>"; };
		FEA58E401C83406700FE4E8A /* VKVideoPlayerView.h */ = {isa = PBXFileReference; fileEncoding = 4; lastKnownFileType = sourcecode.c.h; path = VKVideoPlayerView.h; sourceTree = "<group>"; };
		FEA58E411C83406700FE4E8A /* VKVideoPlayerView.m */ = {isa = PBXFileReference; fileEncoding = 4; lastKnownFileType = sourcecode.c.objc; path = VKVideoPlayerView.m; sourceTree = "<group>"; };
		FEA58E421C83406700FE4E8A /* VKVideoPlayerView.xib */ = {isa = PBXFileReference; fileEncoding = 4; lastKnownFileType = file.xib; path = VKVideoPlayerView.xib; sourceTree = "<group>"; };
		FEA58E431C83406700FE4E8A /* VKVideoPlayerViewController.h */ = {isa = PBXFileReference; fileEncoding = 4; lastKnownFileType = sourcecode.c.h; path = VKVideoPlayerViewController.h; sourceTree = "<group>"; };
		FEA58E441C83406700FE4E8A /* VKVideoPlayerViewController.m */ = {isa = PBXFileReference; fileEncoding = 4; lastKnownFileType = sourcecode.c.objc; path = VKVideoPlayerViewController.m; sourceTree = "<group>"; };
		FEA58E451C83406700FE4E8A /* VKVideoPlayerViewController~ipad.xib */ = {isa = PBXFileReference; fileEncoding = 4; lastKnownFileType = file.xib; path = "VKVideoPlayerViewController~ipad.xib"; sourceTree = "<group>"; };
		FEA58E461C83406700FE4E8A /* VKVideoPlayerViewController~iphone.xib */ = {isa = PBXFileReference; fileEncoding = 4; lastKnownFileType = file.xib; path = "VKVideoPlayerViewController~iphone.xib"; sourceTree = "<group>"; };
		FEA58E481C83406700FE4E8A /* VKVideoPlayer_close.png */ = {isa = PBXFileReference; lastKnownFileType = image.png; path = VKVideoPlayer_close.png; sourceTree = "<group>"; };
		FEA58E491C83406700FE4E8A /* VKVideoPlayer_close@2x.png */ = {isa = PBXFileReference; lastKnownFileType = image.png; path = "VKVideoPlayer_close@2x.png"; sourceTree = "<group>"; };
		FEA58E4A1C83406700FE4E8A /* VKVideoPlayer_cross.png */ = {isa = PBXFileReference; lastKnownFileType = image.png; path = VKVideoPlayer_cross.png; sourceTree = "<group>"; };
		FEA58E4B1C83406700FE4E8A /* VKVideoPlayer_cross@2x.png */ = {isa = PBXFileReference; lastKnownFileType = image.png; path = "VKVideoPlayer_cross@2x.png"; sourceTree = "<group>"; };
		FEA58E4C1C83406700FE4E8A /* VKVideoPlayer_next.png */ = {isa = PBXFileReference; lastKnownFileType = image.png; path = VKVideoPlayer_next.png; sourceTree = "<group>"; };
		FEA58E4D1C83406700FE4E8A /* VKVideoPlayer_next@2x.png */ = {isa = PBXFileReference; lastKnownFileType = image.png; path = "VKVideoPlayer_next@2x.png"; sourceTree = "<group>"; };
		FEA58E4E1C83406700FE4E8A /* VKVideoPlayer_pause.png */ = {isa = PBXFileReference; lastKnownFileType = image.png; path = VKVideoPlayer_pause.png; sourceTree = "<group>"; };
		FEA58E4F1C83406700FE4E8A /* VKVideoPlayer_pause@2x.png */ = {isa = PBXFileReference; lastKnownFileType = image.png; path = "VKVideoPlayer_pause@2x.png"; sourceTree = "<group>"; };
		FEA58E501C83406700FE4E8A /* VKVideoPlayer_pause_big.png */ = {isa = PBXFileReference; lastKnownFileType = image.png; path = VKVideoPlayer_pause_big.png; sourceTree = "<group>"; };
		FEA58E511C83406700FE4E8A /* VKVideoPlayer_pause_big@2x.png */ = {isa = PBXFileReference; lastKnownFileType = image.png; path = "VKVideoPlayer_pause_big@2x.png"; sourceTree = "<group>"; };
		FEA58E521C83406700FE4E8A /* VKVideoPlayer_play.png */ = {isa = PBXFileReference; lastKnownFileType = image.png; path = VKVideoPlayer_play.png; sourceTree = "<group>"; };
		FEA58E531C83406700FE4E8A /* VKVideoPlayer_play@2x.png */ = {isa = PBXFileReference; lastKnownFileType = image.png; path = "VKVideoPlayer_play@2x.png"; sourceTree = "<group>"; };
		FEA58E541C83406700FE4E8A /* VKVideoPlayer_play_big.png */ = {isa = PBXFileReference; lastKnownFileType = image.png; path = VKVideoPlayer_play_big.png; sourceTree = "<group>"; };
		FEA58E551C83406700FE4E8A /* VKVideoPlayer_play_big@2x.png */ = {isa = PBXFileReference; lastKnownFileType = image.png; path = "VKVideoPlayer_play_big@2x.png"; sourceTree = "<group>"; };
		FEA58E561C83406700FE4E8A /* VKVideoPlayer_rewind.png */ = {isa = PBXFileReference; lastKnownFileType = image.png; path = VKVideoPlayer_rewind.png; sourceTree = "<group>"; };
		FEA58E571C83406700FE4E8A /* VKVideoPlayer_rewind@2x.png */ = {isa = PBXFileReference; lastKnownFileType = image.png; path = "VKVideoPlayer_rewind@2x.png"; sourceTree = "<group>"; };
		FEA58E581C83406700FE4E8A /* VKVideoPlayer_zoom_in.png */ = {isa = PBXFileReference; lastKnownFileType = image.png; path = VKVideoPlayer_zoom_in.png; sourceTree = "<group>"; };
		FEA58E591C83406700FE4E8A /* VKVideoPlayer_zoom_in@2x.png */ = {isa = PBXFileReference; lastKnownFileType = image.png; path = "VKVideoPlayer_zoom_in@2x.png"; sourceTree = "<group>"; };
		FEA58E5A1C83406700FE4E8A /* VKVideoPlayer_zoom_out.png */ = {isa = PBXFileReference; lastKnownFileType = image.png; path = VKVideoPlayer_zoom_out.png; sourceTree = "<group>"; };
		FEA58E5B1C83406700FE4E8A /* VKVideoPlayer_zoom_out@2x.png */ = {isa = PBXFileReference; lastKnownFileType = image.png; path = "VKVideoPlayer_zoom_out@2x.png"; sourceTree = "<group>"; };
		FEA58E5C1C83406700FE4E8A /* LICENSE */ = {isa = PBXFileReference; fileEncoding = 4; lastKnownFileType = text; path = LICENSE; sourceTree = "<group>"; };
		FEA58E5D1C83406700FE4E8A /* README.md */ = {isa = PBXFileReference; fileEncoding = 4; lastKnownFileType = net.daringfireball.markdown; path = README.md; sourceTree = "<group>"; };
		FEA58E811C83418700FE4E8A /* PrefixHeader.pch */ = {isa = PBXFileReference; lastKnownFileType = sourcecode.c.h; path = PrefixHeader.pch; sourceTree = "<group>"; };
		FEA58E821C8347A500FE4E8A /* MovieListViewController.h */ = {isa = PBXFileReference; fileEncoding = 4; lastKnownFileType = sourcecode.c.h; path = MovieListViewController.h; sourceTree = "<group>"; };
		FEA58E831C8347A500FE4E8A /* MovieListViewController.m */ = {isa = PBXFileReference; fileEncoding = 4; lastKnownFileType = sourcecode.c.objc; path = MovieListViewController.m; sourceTree = "<group>"; };
		FEA58E851C8347BE00FE4E8A /* PrivateListViewController.h */ = {isa = PBXFileReference; fileEncoding = 4; lastKnownFileType = sourcecode.c.h; path = PrivateListViewController.h; sourceTree = "<group>"; };
		FEA58E861C8347BE00FE4E8A /* PrivateListViewController.m */ = {isa = PBXFileReference; fileEncoding = 4; lastKnownFileType = sourcecode.c.objc; path = PrivateListViewController.m; sourceTree = "<group>"; };
		FEA58E881C8347CE00FE4E8A /* SettingViewController.h */ = {isa = PBXFileReference; fileEncoding = 4; lastKnownFileType = sourcecode.c.h; path = SettingViewController.h; sourceTree = "<group>"; };
		FEA58E891C8347CE00FE4E8A /* SettingViewController.m */ = {isa = PBXFileReference; fileEncoding = 4; lastKnownFileType = sourcecode.c.objc; path = SettingViewController.m; sourceTree = "<group>"; };
		FEA58E8B1C8348F400FE4E8A /* MovieListCell.h */ = {isa = PBXFileReference; fileEncoding = 4; lastKnownFileType = sourcecode.c.h; path = MovieListCell.h; sourceTree = "<group>"; };
		FEA58E8C1C8348F400FE4E8A /* MovieListCell.m */ = {isa = PBXFileReference; fileEncoding = 4; lastKnownFileType = sourcecode.c.objc; path = MovieListCell.m; sourceTree = "<group>"; };
		FEA58E8E1C834A2000FE4E8A /* MovieList.h */ = {isa = PBXFileReference; fileEncoding = 4; lastKnownFileType = sourcecode.c.h; path = MovieList.h; sourceTree = "<group>"; };
		FEA58E8F1C834A2000FE4E8A /* MovieList.m */ = {isa = PBXFileReference; fileEncoding = 4; lastKnownFileType = sourcecode.c.objc; path = MovieList.m; sourceTree = "<group>"; };
		FEA58E911C834E0F00FE4E8A /* MoviePlayerViewController.h */ = {isa = PBXFileReference; fileEncoding = 4; lastKnownFileType = sourcecode.c.h; path = MoviePlayerViewController.h; sourceTree = "<group>"; };
		FEA58E921C834E0F00FE4E8A /* MoviePlayerViewController.m */ = {isa = PBXFileReference; fileEncoding = 4; lastKnownFileType = sourcecode.c.objc; path = MoviePlayerViewController.m; sourceTree = "<group>"; };
		FEA58E941C83502000FE4E8A /* ForwardBackView.h */ = {isa = PBXFileReference; fileEncoding = 4; lastKnownFileType = sourcecode.c.h; path = ForwardBackView.h; sourceTree = "<group>"; };
		FEA58E951C83502000FE4E8A /* ForwardBackView.m */ = {isa = PBXFileReference; fileEncoding = 4; lastKnownFileType = sourcecode.c.objc; path = ForwardBackView.m; sourceTree = "<group>"; };
/* End PBXFileReference section */

/* Begin PBXFrameworksBuildPhase section */
		FEA58DE41C83275F00FE4E8A /* Frameworks */ = {
			isa = PBXFrameworksBuildPhase;
			buildActionMask = 2147483647;
			files = (
				89E759E41C86F4C8002A10BA /* CoreMedia.framework in Frameworks */,
				89E759E21C86F4BF002A10BA /* AVFoundation.framework in Frameworks */,
				ACDA0AB9E59633E11723907F /* libPods.a in Frameworks */,
			);
			runOnlyForDeploymentPostprocessing = 0;
		};
		FEA58DFD1C83275F00FE4E8A /* Frameworks */ = {
			isa = PBXFrameworksBuildPhase;
			buildActionMask = 2147483647;
			files = (
			);
			runOnlyForDeploymentPostprocessing = 0;
		};
		FEA58E081C83275F00FE4E8A /* Frameworks */ = {
			isa = PBXFrameworksBuildPhase;
			buildActionMask = 2147483647;
			files = (
			);
			runOnlyForDeploymentPostprocessing = 0;
		};
/* End PBXFrameworksBuildPhase section */

/* Begin PBXGroup section */
		2B92383E2CD96D4D8A0ED3ED /* Pods */ = {
			isa = PBXGroup;
			children = (
				9CE42351BCADF39EDF82BF7A /* Pods.debug.xcconfig */,
				2C0DB9C2757F2FFA7DE76AE0 /* Pods.release.xcconfig */,
			);
			name = Pods;
			sourceTree = "<group>";
		};
		89CDBE6A1C83F06B00C52481 /* HTTPServerManager */ = {
			isa = PBXGroup;
			children = (
				89CDBE6B1C83F06B00C52481 /* HTTPStreamingServer.h */,
				89CDBE6C1C83F06B00C52481 /* HTTPStreamingServer.m */,
			);
			path = HTTPServerManager;
			sourceTree = "<group>";
		};
		89E759E51C86F513002A10BA /* Common */ = {
			isa = PBXGroup;
			children = (
			);
			path = Common;
			sourceTree = "<group>";
		};
		89E759E61C86F513002A10BA /* Mananger */ = {
			isa = PBXGroup;
			children = (
			);
			path = Mananger;
			sourceTree = "<group>";
		};
		89E759E71C86F513002A10BA /* Util */ = {
			isa = PBXGroup;
			children = (
			);
			path = Util;
			sourceTree = "<group>";
		};
		89E759E81C86F8BC002A10BA /* Category */ = {
			isa = PBXGroup;
			children = (
				89E759E91C86F8DB002A10BA /* UIImage+Category.h */,
				89E759EA1C86F8DB002A10BA /* UIImage+Category.m */,
			);
			path = Category;
			sourceTree = "<group>";
		};
		D4B7F2072E06A46572EED219 /* Frameworks */ = {
			isa = PBXGroup;
			children = (
				89E759E31C86F4C8002A10BA /* CoreMedia.framework */,
				89E759E11C86F4BF002A10BA /* AVFoundation.framework */,
				541DD27D81C8F94CD3ADFDDC /* libPods.a */,
			);
			name = Frameworks;
			sourceTree = "<group>";
		};
		FEA58DDE1C83275F00FE4E8A = {
			isa = PBXGroup;
			children = (
				FEA58DE91C83275F00FE4E8A /* FileMaster */,
				FEA58E031C83275F00FE4E8A /* FileMasterTests */,
				FEA58E0E1C83275F00FE4E8A /* FileMasterUITests */,
				FEA58DE81C83275F00FE4E8A /* Products */,
				2B92383E2CD96D4D8A0ED3ED /* Pods */,
				D4B7F2072E06A46572EED219 /* Frameworks */,
			);
			sourceTree = "<group>";
		};
		FEA58DE81C83275F00FE4E8A /* Products */ = {
			isa = PBXGroup;
			children = (
				FEA58DE71C83275F00FE4E8A /* FileMaster.app */,
				FEA58E001C83275F00FE4E8A /* FileMasterTests.xctest */,
				FEA58E0B1C83275F00FE4E8A /* FileMasterUITests.xctest */,
			);
			name = Products;
			sourceTree = "<group>";
		};
		FEA58DE91C83275F00FE4E8A /* FileMaster */ = {
			isa = PBXGroup;
			children = (
				FEA58DED1C83275F00FE4E8A /* AppDelegate.h */,
				FEA58DEE1C83275F00FE4E8A /* AppDelegate.m */,
				FEA58DF01C83275F00FE4E8A /* ViewController.h */,
				FEA58DF11C83275F00FE4E8A /* ViewController.m */,
				FEA58DF31C83275F00FE4E8A /* Main.storyboard */,
				FEA58DF61C83275F00FE4E8A /* Assets.xcassets */,
				FEA58E811C83418700FE4E8A /* PrefixHeader.pch */,
				FEA58E1D1C83406700FE4E8A /* Class */,
				FEA58E2A1C83406700FE4E8A /* Lib */,
				FEA58DEA1C83275F00FE4E8A /* Supporting Files */,
			);
			path = FileMaster;
			sourceTree = "<group>";
		};
		FEA58DEA1C83275F00FE4E8A /* Supporting Files */ = {
			isa = PBXGroup;
			children = (
				FEA58DF81C83275F00FE4E8A /* LaunchScreen.storyboard */,
				FEA58DFB1C83275F00FE4E8A /* Info.plist */,
				FEA58DEB1C83275F00FE4E8A /* main.m */,
			);
			name = "Supporting Files";
			sourceTree = "<group>";
		};
		FEA58E031C83275F00FE4E8A /* FileMasterTests */ = {
			isa = PBXGroup;
			children = (
				FEA58E041C83275F00FE4E8A /* FileMasterTests.m */,
				FEA58E061C83275F00FE4E8A /* Info.plist */,
			);
			path = FileMasterTests;
			sourceTree = "<group>";
		};
		FEA58E0E1C83275F00FE4E8A /* FileMasterUITests */ = {
			isa = PBXGroup;
			children = (
				FEA58E0F1C83275F00FE4E8A /* FileMasterUITests.m */,
				FEA58E111C83275F00FE4E8A /* Info.plist */,
			);
			path = FileMasterUITests;
			sourceTree = "<group>";
		};
		FEA58E1D1C83406700FE4E8A /* Class */ = {
			isa = PBXGroup;
			children = (
				FEA58E1E1C83406700FE4E8A /* Home */,
				FEA58E221C83406700FE4E8A /* Private */,
				FEA58E261C83406700FE4E8A /* Setting */,
			);
			path = Class;
			sourceTree = "<group>";
		};
		FEA58E1E1C83406700FE4E8A /* Home */ = {
			isa = PBXGroup;
			children = (
				FEA58E1F1C83406700FE4E8A /* Controller */,
				FEA58E201C83406700FE4E8A /* Model */,
				FEA58E211C83406700FE4E8A /* View */,
			);
			path = Home;
			sourceTree = "<group>";
		};
		FEA58E1F1C83406700FE4E8A /* Controller */ = {
			isa = PBXGroup;
			children = (
				FEA58E821C8347A500FE4E8A /* MovieListViewController.h */,
				FEA58E831C8347A500FE4E8A /* MovieListViewController.m */,
				FE28D80F1C872F72000AFC70 /* MovieFolderViewController.h */,
				FE28D8101C872F72000AFC70 /* MovieFolderViewController.m */,
				FEA58E911C834E0F00FE4E8A /* MoviePlayerViewController.h */,
				FEA58E921C834E0F00FE4E8A /* MoviePlayerViewController.m */,
			);
			path = Controller;
			sourceTree = "<group>";
		};
		FEA58E201C83406700FE4E8A /* Model */ = {
			isa = PBXGroup;
			children = (
				FEA58E8E1C834A2000FE4E8A /* MovieList.h */,
				FEA58E8F1C834A2000FE4E8A /* MovieList.m */,
				FE28D8121C8734D4000AFC70 /* MovieFile.h */,
				FE28D8131C8734D4000AFC70 /* MovieFile.m */,
			);
			path = Model;
			sourceTree = "<group>";
		};
		FEA58E211C83406700FE4E8A /* View */ = {
			isa = PBXGroup;
			children = (
				FEA58E941C83502000FE4E8A /* ForwardBackView.h */,
				FEA58E951C83502000FE4E8A /* ForwardBackView.m */,
				FEA58E8B1C8348F400FE4E8A /* MovieListCell.h */,
				FEA58E8C1C8348F400FE4E8A /* MovieListCell.m */,
				FE28D8151C873CCF000AFC70 /* MovieListCell.xib */,
			);
			path = View;
			sourceTree = "<group>";
		};
		FEA58E221C83406700FE4E8A /* Private */ = {
			isa = PBXGroup;
			children = (
				FEA58E231C83406700FE4E8A /* Controller */,
				FEA58E241C83406700FE4E8A /* Model */,
				FEA58E251C83406700FE4E8A /* View */,
			);
			path = Private;
			sourceTree = "<group>";
		};
		FEA58E231C83406700FE4E8A /* Controller */ = {
			isa = PBXGroup;
			children = (
				FEA58E851C8347BE00FE4E8A /* PrivateListViewController.h */,
				FEA58E861C8347BE00FE4E8A /* PrivateListViewController.m */,
			);
			path = Controller;
			sourceTree = "<group>";
		};
		FEA58E241C83406700FE4E8A /* Model */ = {
			isa = PBXGroup;
			children = (
			);
			path = Model;
			sourceTree = "<group>";
		};
		FEA58E251C83406700FE4E8A /* View */ = {
			isa = PBXGroup;
			children = (
			);
			path = View;
			sourceTree = "<group>";
		};
		FEA58E261C83406700FE4E8A /* Setting */ = {
			isa = PBXGroup;
			children = (
				FEA58E271C83406700FE4E8A /* Controller */,
				FEA58E281C83406700FE4E8A /* Model */,
				FEA58E291C83406700FE4E8A /* View */,
			);
			path = Setting;
			sourceTree = "<group>";
		};
		FEA58E271C83406700FE4E8A /* Controller */ = {
			isa = PBXGroup;
			children = (
				FEA58E881C8347CE00FE4E8A /* SettingViewController.h */,
				FEA58E891C8347CE00FE4E8A /* SettingViewController.m */,
			);
			path = Controller;
			sourceTree = "<group>";
		};
		FEA58E281C83406700FE4E8A /* Model */ = {
			isa = PBXGroup;
			children = (
			);
			path = Model;
			sourceTree = "<group>";
		};
		FEA58E291C83406700FE4E8A /* View */ = {
			isa = PBXGroup;
			children = (
			);
			path = View;
			sourceTree = "<group>";
		};
		FEA58E2A1C83406700FE4E8A /* Lib */ = {
			isa = PBXGroup;
			children = (
				89E759E81C86F8BC002A10BA /* Category */,
				89E759E51C86F513002A10BA /* Common */,
				89E759E61C86F513002A10BA /* Mananger */,
				89E759E71C86F513002A10BA /* Util */,
				FEA58E2B1C83406700FE4E8A /* Vendor */,
			);
			path = Lib;
			sourceTree = "<group>";
		};
		FEA58E2B1C83406700FE4E8A /* Vendor */ = {
			isa = PBXGroup;
			children = (
				89CDBE6A1C83F06B00C52481 /* HTTPServerManager */,
				FEA58E2C1C83406700FE4E8A /* VKVideoPlayer */,
			);
			path = Vendor;
			sourceTree = "<group>";
		};
		FEA58E2C1C83406700FE4E8A /* VKVideoPlayer */ = {
			isa = PBXGroup;
			children = (
				FEA58E2D1C83406700FE4E8A /* Classes */,
				FEA58E471C83406700FE4E8A /* imgs */,
				FEA58E5C1C83406700FE4E8A /* LICENSE */,
				FEA58E5D1C83406700FE4E8A /* README.md */,
			);
			path = VKVideoPlayer;
			sourceTree = "<group>";
		};
		FEA58E2D1C83406700FE4E8A /* Classes */ = {
			isa = PBXGroup;
			children = (
				FEA58E2E1C83406700FE4E8A /* ios */,
			);
			path = Classes;
			sourceTree = "<group>";
		};
		FEA58E2E1C83406700FE4E8A /* ios */ = {
			isa = PBXGroup;
			children = (
				FEA58E2F1C83406700FE4E8A /* VKVideoPlayer.h */,
				FEA58E301C83406700FE4E8A /* VKVideoPlayer.m */,
				FEA58E311C83406700FE4E8A /* VKVideoPlayerAirPlay.h */,
				FEA58E321C83406700FE4E8A /* VKVideoPlayerAirPlay.m */,
				FEA58E331C83406700FE4E8A /* VKVideoPlayerCaption.h */,
				FEA58E341C83406700FE4E8A /* VKVideoPlayerCaption.m */,
				FEA58E351C83406700FE4E8A /* VKVideoPlayerCaptionSRT.h */,
				FEA58E361C83406700FE4E8A /* VKVideoPlayerCaptionSRT.m */,
				FEA58E371C83406700FE4E8A /* VKVideoPlayerConfig.h */,
				FEA58E381C83406700FE4E8A /* VKVideoPlayerExternalMonitor.h */,
				FEA58E391C83406700FE4E8A /* VKVideoPlayerExternalMonitor.m */,
				FEA58E3A1C83406700FE4E8A /* VKVideoPlayerLayerView.h */,
				FEA58E3B1C83406700FE4E8A /* VKVideoPlayerLayerView.m */,
				FEA58E3C1C83406700FE4E8A /* VKVideoPlayerSettingsManager.h */,
				FEA58E3D1C83406700FE4E8A /* VKVideoPlayerSettingsManager.m */,
				FEA58E3E1C83406700FE4E8A /* VKVideoPlayerTrack.h */,
				FEA58E3F1C83406700FE4E8A /* VKVideoPlayerTrack.m */,
				FEA58E401C83406700FE4E8A /* VKVideoPlayerView.h */,
				FEA58E411C83406700FE4E8A /* VKVideoPlayerView.m */,
				FEA58E421C83406700FE4E8A /* VKVideoPlayerView.xib */,
				FEA58E431C83406700FE4E8A /* VKVideoPlayerViewController.h */,
				FEA58E441C83406700FE4E8A /* VKVideoPlayerViewController.m */,
				FEA58E451C83406700FE4E8A /* VKVideoPlayerViewController~ipad.xib */,
				FEA58E461C83406700FE4E8A /* VKVideoPlayerViewController~iphone.xib */,
			);
			path = ios;
			sourceTree = "<group>";
		};
		FEA58E471C83406700FE4E8A /* imgs */ = {
			isa = PBXGroup;
			children = (
				FEA58E481C83406700FE4E8A /* VKVideoPlayer_close.png */,
				FEA58E491C83406700FE4E8A /* VKVideoPlayer_close@2x.png */,
				FEA58E4A1C83406700FE4E8A /* VKVideoPlayer_cross.png */,
				FEA58E4B1C83406700FE4E8A /* VKVideoPlayer_cross@2x.png */,
				FEA58E4C1C83406700FE4E8A /* VKVideoPlayer_next.png */,
				FEA58E4D1C83406700FE4E8A /* VKVideoPlayer_next@2x.png */,
				FEA58E4E1C83406700FE4E8A /* VKVideoPlayer_pause.png */,
				FEA58E4F1C83406700FE4E8A /* VKVideoPlayer_pause@2x.png */,
				FEA58E501C83406700FE4E8A /* VKVideoPlayer_pause_big.png */,
				FEA58E511C83406700FE4E8A /* VKVideoPlayer_pause_big@2x.png */,
				FEA58E521C83406700FE4E8A /* VKVideoPlayer_play.png */,
				FEA58E531C83406700FE4E8A /* VKVideoPlayer_play@2x.png */,
				FEA58E541C83406700FE4E8A /* VKVideoPlayer_play_big.png */,
				FEA58E551C83406700FE4E8A /* VKVideoPlayer_play_big@2x.png */,
				FEA58E561C83406700FE4E8A /* VKVideoPlayer_rewind.png */,
				FEA58E571C83406700FE4E8A /* VKVideoPlayer_rewind@2x.png */,
				FEA58E581C83406700FE4E8A /* VKVideoPlayer_zoom_in.png */,
				FEA58E591C83406700FE4E8A /* VKVideoPlayer_zoom_in@2x.png */,
				FEA58E5A1C83406700FE4E8A /* VKVideoPlayer_zoom_out.png */,
				FEA58E5B1C83406700FE4E8A /* VKVideoPlayer_zoom_out@2x.png */,
			);
			path = imgs;
			sourceTree = "<group>";
		};
/* End PBXGroup section */

/* Begin PBXNativeTarget section */
		FEA58DE61C83275F00FE4E8A /* FileMaster */ = {
			isa = PBXNativeTarget;
			buildConfigurationList = FEA58E141C83275F00FE4E8A /* Build configuration list for PBXNativeTarget "FileMaster" */;
			buildPhases = (
				046D5E6AFC710D6F4E1E9D9F /* Check Pods Manifest.lock */,
				FEA58DE31C83275F00FE4E8A /* Sources */,
				FEA58DE41C83275F00FE4E8A /* Frameworks */,
				FEA58DE51C83275F00FE4E8A /* Resources */,
				09FDEFFF4420F7ABB63526D3 /* Copy Pods Resources */,
			);
			buildRules = (
			);
			dependencies = (
			);
			name = FileMaster;
			productName = FileMaster;
			productReference = FEA58DE71C83275F00FE4E8A /* FileMaster.app */;
			productType = "com.apple.product-type.application";
		};
		FEA58DFF1C83275F00FE4E8A /* FileMasterTests */ = {
			isa = PBXNativeTarget;
			buildConfigurationList = FEA58E171C83275F00FE4E8A /* Build configuration list for PBXNativeTarget "FileMasterTests" */;
			buildPhases = (
				FEA58DFC1C83275F00FE4E8A /* Sources */,
				FEA58DFD1C83275F00FE4E8A /* Frameworks */,
				FEA58DFE1C83275F00FE4E8A /* Resources */,
			);
			buildRules = (
			);
			dependencies = (
				FEA58E021C83275F00FE4E8A /* PBXTargetDependency */,
			);
			name = FileMasterTests;
			productName = FileMasterTests;
			productReference = FEA58E001C83275F00FE4E8A /* FileMasterTests.xctest */;
			productType = "com.apple.product-type.bundle.unit-test";
		};
		FEA58E0A1C83275F00FE4E8A /* FileMasterUITests */ = {
			isa = PBXNativeTarget;
			buildConfigurationList = FEA58E1A1C83275F00FE4E8A /* Build configuration list for PBXNativeTarget "FileMasterUITests" */;
			buildPhases = (
				FEA58E071C83275F00FE4E8A /* Sources */,
				FEA58E081C83275F00FE4E8A /* Frameworks */,
				FEA58E091C83275F00FE4E8A /* Resources */,
			);
			buildRules = (
			);
			dependencies = (
				FEA58E0D1C83275F00FE4E8A /* PBXTargetDependency */,
			);
			name = FileMasterUITests;
			productName = FileMasterUITests;
			productReference = FEA58E0B1C83275F00FE4E8A /* FileMasterUITests.xctest */;
			productType = "com.apple.product-type.bundle.ui-testing";
		};
/* End PBXNativeTarget section */

/* Begin PBXProject section */
		FEA58DDF1C83275F00FE4E8A /* Project object */ = {
			isa = PBXProject;
			attributes = {
				LastUpgradeCheck = 0720;
				ORGANIZATIONNAME = tengfei;
				TargetAttributes = {
					FEA58DE61C83275F00FE4E8A = {
						CreatedOnToolsVersion = 7.2.1;
					};
					FEA58DFF1C83275F00FE4E8A = {
						CreatedOnToolsVersion = 7.2.1;
						TestTargetID = FEA58DE61C83275F00FE4E8A;
					};
					FEA58E0A1C83275F00FE4E8A = {
						CreatedOnToolsVersion = 7.2.1;
						TestTargetID = FEA58DE61C83275F00FE4E8A;
					};
				};
			};
			buildConfigurationList = FEA58DE21C83275F00FE4E8A /* Build configuration list for PBXProject "FileMaster" */;
			compatibilityVersion = "Xcode 3.2";
			developmentRegion = English;
			hasScannedForEncodings = 0;
			knownRegions = (
				en,
				Base,
			);
			mainGroup = FEA58DDE1C83275F00FE4E8A;
			productRefGroup = FEA58DE81C83275F00FE4E8A /* Products */;
			projectDirPath = "";
			projectRoot = "";
			targets = (
				FEA58DE61C83275F00FE4E8A /* FileMaster */,
				FEA58DFF1C83275F00FE4E8A /* FileMasterTests */,
				FEA58E0A1C83275F00FE4E8A /* FileMasterUITests */,
			);
		};
/* End PBXProject section */

/* Begin PBXResourcesBuildPhase section */
		FEA58DE51C83275F00FE4E8A /* Resources */ = {
			isa = PBXResourcesBuildPhase;
			buildActionMask = 2147483647;
			files = (
				FEA58DFA1C83275F00FE4E8A /* LaunchScreen.storyboard in Resources */,
				FEA58E7D1C83406700FE4E8A /* VKVideoPlayer_zoom_out.png in Resources */,
				FE28D8161C873CCF000AFC70 /* MovieListCell.xib in Resources */,
				FEA58E701C83406700FE4E8A /* VKVideoPlayer_next@2x.png in Resources */,
				FEA58E6C1C83406700FE4E8A /* VKVideoPlayer_close@2x.png in Resources */,
				FEA58E711C83406700FE4E8A /* VKVideoPlayer_pause.png in Resources */,
				FEA58DF71C83275F00FE4E8A /* Assets.xcassets in Resources */,
				FEA58E731C83406700FE4E8A /* VKVideoPlayer_pause_big.png in Resources */,
				FEA58E771C83406700FE4E8A /* VKVideoPlayer_play_big.png in Resources */,
				FEA58E721C83406700FE4E8A /* VKVideoPlayer_pause@2x.png in Resources */,
				FEA58E791C83406700FE4E8A /* VKVideoPlayer_rewind.png in Resources */,
				FEA58E751C83406700FE4E8A /* VKVideoPlayer_play.png in Resources */,
				FEA58E6B1C83406700FE4E8A /* VKVideoPlayer_close.png in Resources */,
				FEA58E691C83406700FE4E8A /* VKVideoPlayerViewController~ipad.xib in Resources */,
				FEA58E7B1C83406700FE4E8A /* VKVideoPlayer_zoom_in.png in Resources */,
				FEA58E6F1C83406700FE4E8A /* VKVideoPlayer_next.png in Resources */,
				FEA58E7F1C83406700FE4E8A /* LICENSE in Resources */,
				FEA58E6D1C83406700FE4E8A /* VKVideoPlayer_cross.png in Resources */,
				FEA58E671C83406700FE4E8A /* VKVideoPlayerView.xib in Resources */,
				FEA58E7C1C83406700FE4E8A /* VKVideoPlayer_zoom_in@2x.png in Resources */,
				FEA58E7E1C83406700FE4E8A /* VKVideoPlayer_zoom_out@2x.png in Resources */,
				FEA58E7A1C83406700FE4E8A /* VKVideoPlayer_rewind@2x.png in Resources */,
				FEA58E6A1C83406700FE4E8A /* VKVideoPlayerViewController~iphone.xib in Resources */,
				FEA58E761C83406700FE4E8A /* VKVideoPlayer_play@2x.png in Resources */,
				FEA58DF51C83275F00FE4E8A /* Main.storyboard in Resources */,
				FEA58E781C83406700FE4E8A /* VKVideoPlayer_play_big@2x.png in Resources */,
				FEA58E741C83406700FE4E8A /* VKVideoPlayer_pause_big@2x.png in Resources */,
				FEA58E6E1C83406700FE4E8A /* VKVideoPlayer_cross@2x.png in Resources */,
			);
			runOnlyForDeploymentPostprocessing = 0;
		};
		FEA58DFE1C83275F00FE4E8A /* Resources */ = {
			isa = PBXResourcesBuildPhase;
			buildActionMask = 2147483647;
			files = (
			);
			runOnlyForDeploymentPostprocessing = 0;
		};
		FEA58E091C83275F00FE4E8A /* Resources */ = {
			isa = PBXResourcesBuildPhase;
			buildActionMask = 2147483647;
			files = (
			);
			runOnlyForDeploymentPostprocessing = 0;
		};
/* End PBXResourcesBuildPhase section */

/* Begin PBXShellScriptBuildPhase section */
		046D5E6AFC710D6F4E1E9D9F /* Check Pods Manifest.lock */ = {
			isa = PBXShellScriptBuildPhase;
			buildActionMask = 2147483647;
			files = (
			);
			inputPaths = (
			);
			name = "Check Pods Manifest.lock";
			outputPaths = (
			);
			runOnlyForDeploymentPostprocessing = 0;
			shellPath = /bin/sh;
			shellScript = "diff \"${PODS_ROOT}/../Podfile.lock\" \"${PODS_ROOT}/Manifest.lock\" > /dev/null\nif [[ $? != 0 ]] ; then\n    cat << EOM\nerror: The sandbox is not in sync with the Podfile.lock. Run 'pod install' or update your CocoaPods installation.\nEOM\n    exit 1\nfi\n";
			showEnvVarsInLog = 0;
		};
		09FDEFFF4420F7ABB63526D3 /* Copy Pods Resources */ = {
			isa = PBXShellScriptBuildPhase;
			buildActionMask = 2147483647;
			files = (
			);
			inputPaths = (
			);
			name = "Copy Pods Resources";
			outputPaths = (
			);
			runOnlyForDeploymentPostprocessing = 0;
			shellPath = /bin/sh;
			shellScript = "\"${SRCROOT}/Pods/Target Support Files/Pods/Pods-resources.sh\"\n";
			showEnvVarsInLog = 0;
		};
/* End PBXShellScriptBuildPhase section */

/* Begin PBXSourcesBuildPhase section */
		FEA58DE31C83275F00FE4E8A /* Sources */ = {
			isa = PBXSourcesBuildPhase;
			buildActionMask = 2147483647;
			files = (
				FEA58E8D1C8348F400FE4E8A /* MovieListCell.m in Sources */,
				FE28D8111C872F72000AFC70 /* MovieFolderViewController.m in Sources */,
				FEA58E601C83406700FE4E8A /* VKVideoPlayerCaption.m in Sources */,
				FEA58E621C83406700FE4E8A /* VKVideoPlayerExternalMonitor.m in Sources */,
				FEA58E8A1C8347CE00FE4E8A /* SettingViewController.m in Sources */,
				FEA58E661C83406700FE4E8A /* VKVideoPlayerView.m in Sources */,
				FEA58E5F1C83406700FE4E8A /* VKVideoPlayerAirPlay.m in Sources */,
				FEA58DF21C83275F00FE4E8A /* ViewController.m in Sources */,
				FEA58E611C83406700FE4E8A /* VKVideoPlayerCaptionSRT.m in Sources */,
				FEA58E651C83406700FE4E8A /* VKVideoPlayerTrack.m in Sources */,
				FEA58E961C83502000FE4E8A /* ForwardBackView.m in Sources */,
				FEA58DEF1C83275F00FE4E8A /* AppDelegate.m in Sources */,
				FEA58E631C83406700FE4E8A /* VKVideoPlayerLayerView.m in Sources */,
				FEA58E681C83406700FE4E8A /* VKVideoPlayerViewController.m in Sources */,
				FE28D8141C8734D4000AFC70 /* MovieFile.m in Sources */,
				FEA58E801C83406700FE4E8A /* README.md in Sources */,
				FEA58E901C834A2000FE4E8A /* MovieList.m in Sources */,
				FEA58DEC1C83275F00FE4E8A /* main.m in Sources */,
				FEA58E871C8347BE00FE4E8A /* PrivateListViewController.m in Sources */,
				89CDBE6D1C83F06B00C52481 /* HTTPStreamingServer.m in Sources */,
				FEA58E641C83406700FE4E8A /* VKVideoPlayerSettingsManager.m in Sources */,
				FEA58E841C8347A500FE4E8A /* MovieListViewController.m in Sources */,
				FEA58E931C834E0F00FE4E8A /* MoviePlayerViewController.m in Sources */,
				FEA58E5E1C83406700FE4E8A /* VKVideoPlayer.m in Sources */,
				89E759EB1C86F8DB002A10BA /* UIImage+Category.m in Sources */,
			);
			runOnlyForDeploymentPostprocessing = 0;
		};
		FEA58DFC1C83275F00FE4E8A /* Sources */ = {
			isa = PBXSourcesBuildPhase;
			buildActionMask = 2147483647;
			files = (
				FEA58E051C83275F00FE4E8A /* FileMasterTests.m in Sources */,
			);
			runOnlyForDeploymentPostprocessing = 0;
		};
		FEA58E071C83275F00FE4E8A /* Sources */ = {
			isa = PBXSourcesBuildPhase;
			buildActionMask = 2147483647;
			files = (
				FEA58E101C83275F00FE4E8A /* FileMasterUITests.m in Sources */,
			);
			runOnlyForDeploymentPostprocessing = 0;
		};
/* End PBXSourcesBuildPhase section */

/* Begin PBXTargetDependency section */
		FEA58E021C83275F00FE4E8A /* PBXTargetDependency */ = {
			isa = PBXTargetDependency;
			target = FEA58DE61C83275F00FE4E8A /* FileMaster */;
			targetProxy = FEA58E011C83275F00FE4E8A /* PBXContainerItemProxy */;
		};
		FEA58E0D1C83275F00FE4E8A /* PBXTargetDependency */ = {
			isa = PBXTargetDependency;
			target = FEA58DE61C83275F00FE4E8A /* FileMaster */;
			targetProxy = FEA58E0C1C83275F00FE4E8A /* PBXContainerItemProxy */;
		};
/* End PBXTargetDependency section */

/* Begin PBXVariantGroup section */
		FEA58DF31C83275F00FE4E8A /* Main.storyboard */ = {
			isa = PBXVariantGroup;
			children = (
				FEA58DF41C83275F00FE4E8A /* Base */,
			);
			name = Main.storyboard;
			sourceTree = "<group>";
		};
		FEA58DF81C83275F00FE4E8A /* LaunchScreen.storyboard */ = {
			isa = PBXVariantGroup;
			children = (
				FEA58DF91C83275F00FE4E8A /* Base */,
			);
			name = LaunchScreen.storyboard;
			sourceTree = "<group>";
		};
/* End PBXVariantGroup section */

/* Begin XCBuildConfiguration section */
		FEA58E121C83275F00FE4E8A /* Debug */ = {
			isa = XCBuildConfiguration;
			buildSettings = {
				ALWAYS_SEARCH_USER_PATHS = NO;
				CLANG_CXX_LANGUAGE_STANDARD = "gnu++0x";
				CLANG_CXX_LIBRARY = "libc++";
				CLANG_ENABLE_MODULES = YES;
				CLANG_ENABLE_OBJC_ARC = YES;
				CLANG_WARN_BOOL_CONVERSION = YES;
				CLANG_WARN_CONSTANT_CONVERSION = YES;
				CLANG_WARN_DIRECT_OBJC_ISA_USAGE = YES_ERROR;
				CLANG_WARN_EMPTY_BODY = YES;
				CLANG_WARN_ENUM_CONVERSION = YES;
				CLANG_WARN_INT_CONVERSION = YES;
				CLANG_WARN_OBJC_ROOT_CLASS = YES_ERROR;
				CLANG_WARN_UNREACHABLE_CODE = YES;
				CLANG_WARN__DUPLICATE_METHOD_MATCH = YES;
				"CODE_SIGN_IDENTITY[sdk=iphoneos*]" = "iPhone Developer";
				COPY_PHASE_STRIP = NO;
				DEBUG_INFORMATION_FORMAT = dwarf;
				ENABLE_STRICT_OBJC_MSGSEND = YES;
				ENABLE_TESTABILITY = YES;
				GCC_C_LANGUAGE_STANDARD = gnu99;
				GCC_DYNAMIC_NO_PIC = NO;
				GCC_NO_COMMON_BLOCKS = YES;
				GCC_OPTIMIZATION_LEVEL = 0;
				GCC_PREPROCESSOR_DEFINITIONS = (
					"DEBUG=1",
					"$(inherited)",
				);
				GCC_WARN_64_TO_32_BIT_CONVERSION = YES;
				GCC_WARN_ABOUT_RETURN_TYPE = YES_ERROR;
				GCC_WARN_UNDECLARED_SELECTOR = YES;
				GCC_WARN_UNINITIALIZED_AUTOS = YES_AGGRESSIVE;
				GCC_WARN_UNUSED_FUNCTION = YES;
				GCC_WARN_UNUSED_VARIABLE = YES;
				IPHONEOS_DEPLOYMENT_TARGET = 9.2;
				MTL_ENABLE_DEBUG_INFO = YES;
				ONLY_ACTIVE_ARCH = YES;
				SDKROOT = iphoneos;
			};
			name = Debug;
		};
		FEA58E131C83275F00FE4E8A /* Release */ = {
			isa = XCBuildConfiguration;
			buildSettings = {
				ALWAYS_SEARCH_USER_PATHS = NO;
				CLANG_CXX_LANGUAGE_STANDARD = "gnu++0x";
				CLANG_CXX_LIBRARY = "libc++";
				CLANG_ENABLE_MODULES = YES;
				CLANG_ENABLE_OBJC_ARC = YES;
				CLANG_WARN_BOOL_CONVERSION = YES;
				CLANG_WARN_CONSTANT_CONVERSION = YES;
				CLANG_WARN_DIRECT_OBJC_ISA_USAGE = YES_ERROR;
				CLANG_WARN_EMPTY_BODY = YES;
				CLANG_WARN_ENUM_CONVERSION = YES;
				CLANG_WARN_INT_CONVERSION = YES;
				CLANG_WARN_OBJC_ROOT_CLASS = YES_ERROR;
				CLANG_WARN_UNREACHABLE_CODE = YES;
				CLANG_WARN__DUPLICATE_METHOD_MATCH = YES;
				"CODE_SIGN_IDENTITY[sdk=iphoneos*]" = "iPhone Developer";
				COPY_PHASE_STRIP = NO;
				DEBUG_INFORMATION_FORMAT = "dwarf-with-dsym";
				ENABLE_NS_ASSERTIONS = NO;
				ENABLE_STRICT_OBJC_MSGSEND = YES;
				GCC_C_LANGUAGE_STANDARD = gnu99;
				GCC_NO_COMMON_BLOCKS = YES;
				GCC_WARN_64_TO_32_BIT_CONVERSION = YES;
				GCC_WARN_ABOUT_RETURN_TYPE = YES_ERROR;
				GCC_WARN_UNDECLARED_SELECTOR = YES;
				GCC_WARN_UNINITIALIZED_AUTOS = YES_AGGRESSIVE;
				GCC_WARN_UNUSED_FUNCTION = YES;
				GCC_WARN_UNUSED_VARIABLE = YES;
				IPHONEOS_DEPLOYMENT_TARGET = 9.2;
				MTL_ENABLE_DEBUG_INFO = NO;
				SDKROOT = iphoneos;
				VALIDATE_PRODUCT = YES;
			};
			name = Release;
		};
		FEA58E151C83275F00FE4E8A /* Debug */ = {
			isa = XCBuildConfiguration;
			baseConfigurationReference = 9CE42351BCADF39EDF82BF7A /* Pods.debug.xcconfig */;
			buildSettings = {
				ASSETCATALOG_COMPILER_APPICON_NAME = AppIcon;
				GCC_PREFIX_HEADER = "$(SRCROOT)/FileMaster/PrefixHeader.pch";
				INFOPLIST_FILE = FileMaster/Info.plist;
				IPHONEOS_DEPLOYMENT_TARGET = 7.0;
				LD_RUNPATH_SEARCH_PATHS = "$(inherited) @executable_path/Frameworks";
				PRODUCT_BUNDLE_IDENTIFIER = com.ftf.FileMaster;
				PRODUCT_NAME = "$(TARGET_NAME)";
			};
			name = Debug;
		};
		FEA58E161C83275F00FE4E8A /* Release */ = {
			isa = XCBuildConfiguration;
			baseConfigurationReference = 2C0DB9C2757F2FFA7DE76AE0 /* Pods.release.xcconfig */;
			buildSettings = {
				ASSETCATALOG_COMPILER_APPICON_NAME = AppIcon;
				GCC_PREFIX_HEADER = "$(SRCROOT)/FileMaster/PrefixHeader.pch";
				INFOPLIST_FILE = FileMaster/Info.plist;
				IPHONEOS_DEPLOYMENT_TARGET = 7.0;
				LD_RUNPATH_SEARCH_PATHS = "$(inherited) @executable_path/Frameworks";
				PRODUCT_BUNDLE_IDENTIFIER = com.ftf.FileMaster;
				PRODUCT_NAME = "$(TARGET_NAME)";
			};
			name = Release;
		};
		FEA58E181C83275F00FE4E8A /* Debug */ = {
			isa = XCBuildConfiguration;
			buildSettings = {
				BUNDLE_LOADER = "$(TEST_HOST)";
				INFOPLIST_FILE = FileMasterTests/Info.plist;
				LD_RUNPATH_SEARCH_PATHS = "$(inherited) @executable_path/Frameworks @loader_path/Frameworks";
				PRODUCT_BUNDLE_IDENTIFIER = com.ftf.FileMasterTests;
				PRODUCT_NAME = "$(TARGET_NAME)";
				TEST_HOST = "$(BUILT_PRODUCTS_DIR)/FileMaster.app/FileMaster";
			};
			name = Debug;
		};
		FEA58E191C83275F00FE4E8A /* Release */ = {
			isa = XCBuildConfiguration;
			buildSettings = {
				BUNDLE_LOADER = "$(TEST_HOST)";
				INFOPLIST_FILE = FileMasterTests/Info.plist;
				LD_RUNPATH_SEARCH_PATHS = "$(inherited) @executable_path/Frameworks @loader_path/Frameworks";
				PRODUCT_BUNDLE_IDENTIFIER = com.ftf.FileMasterTests;
				PRODUCT_NAME = "$(TARGET_NAME)";
				TEST_HOST = "$(BUILT_PRODUCTS_DIR)/FileMaster.app/FileMaster";
			};
			name = Release;
		};
		FEA58E1B1C83275F00FE4E8A /* Debug */ = {
			isa = XCBuildConfiguration;
			buildSettings = {
				INFOPLIST_FILE = FileMasterUITests/Info.plist;
				LD_RUNPATH_SEARCH_PATHS = "$(inherited) @executable_path/Frameworks @loader_path/Frameworks";
				PRODUCT_BUNDLE_IDENTIFIER = com.ftf.FileMasterUITests;
				PRODUCT_NAME = "$(TARGET_NAME)";
				TEST_TARGET_NAME = FileMaster;
				USES_XCTRUNNER = YES;
			};
			name = Debug;
		};
		FEA58E1C1C83275F00FE4E8A /* Release */ = {
			isa = XCBuildConfiguration;
			buildSettings = {
				INFOPLIST_FILE = FileMasterUITests/Info.plist;
				LD_RUNPATH_SEARCH_PATHS = "$(inherited) @executable_path/Frameworks @loader_path/Frameworks";
				PRODUCT_BUNDLE_IDENTIFIER = com.ftf.FileMasterUITests;
				PRODUCT_NAME = "$(TARGET_NAME)";
				TEST_TARGET_NAME = FileMaster;
				USES_XCTRUNNER = YES;
			};
			name = Release;
		};
/* End XCBuildConfiguration section */

/* Begin XCConfigurationList section */
		FEA58DE21C83275F00FE4E8A /* Build configuration list for PBXProject "FileMaster" */ = {
			isa = XCConfigurationList;
			buildConfigurations = (
				FEA58E121C83275F00FE4E8A /* Debug */,
				FEA58E131C83275F00FE4E8A /* Release */,
			);
			defaultConfigurationIsVisible = 0;
			defaultConfigurationName = Release;
		};
		FEA58E141C83275F00FE4E8A /* Build configuration list for PBXNativeTarget "FileMaster" */ = {
			isa = XCConfigurationList;
			buildConfigurations = (
				FEA58E151C83275F00FE4E8A /* Debug */,
				FEA58E161C83275F00FE4E8A /* Release */,
			);
			defaultConfigurationIsVisible = 0;
			defaultConfigurationName = Release;
		};
		FEA58E171C83275F00FE4E8A /* Build configuration list for PBXNativeTarget "FileMasterTests" */ = {
			isa = XCConfigurationList;
			buildConfigurations = (
				FEA58E181C83275F00FE4E8A /* Debug */,
				FEA58E191C83275F00FE4E8A /* Release */,
			);
			defaultConfigurationIsVisible = 0;
			defaultConfigurationName = Release;
		};
		FEA58E1A1C83275F00FE4E8A /* Build configuration list for PBXNativeTarget "FileMasterUITests" */ = {
			isa = XCConfigurationList;
			buildConfigurations = (
				FEA58E1B1C83275F00FE4E8A /* Debug */,
				FEA58E1C1C83275F00FE4E8A /* Release */,
			);
			defaultConfigurationIsVisible = 0;
			defaultConfigurationName = Release;
		};
/* End XCConfigurationList section */
	};
	rootObject = FEA58DDF1C83275F00FE4E8A /* Project object */;
}
