PODS:
  - Alamofire (2.0.2)
  - SDWebImage (3.7.5):
    - SDWebImage/Core (= 3.7.5)
  - SDWebImage/Core (3.7.5)
  - SwiftyJSON (2.3.2)

DEPENDENCIES:
  - Alamofire (~> 2.0)
  - SDWebImage (~> 3.7)
  - SwiftyJSON (~> 2.3.2)

SPEC CHECKSUMS:
  Alamofire: 8edbab00802a752bb5240cc2abe70e7e881488ad
  SDWebImage: 69c6303e3348fba97e03f65d65d4fbc26740f461
  SwiftyJSON: 04ccea08915aa0109039157c7974cf0298da292a

COCOAPODS: 0.38.2
